// !$*UTF8*$!
{
	archiveVersion = 1;
	classes = {
	};
	objectVersion = 52;
	objects = {

/* Begin PBXBuildFile section */
		0B2F7EA32593F9C900983BEE /* ViewController.swift in Sources */ = {isa = PBXBuildFile; fileRef = 0B2F62462593F9A000983BEE /* ViewController.swift */; };
		0B2F95732593F9D600983BEE /* AppDelegate.swift in Sources */ = {isa = PBXBuildFile; fileRef = 0B2F7E992593F9C800983BEE /* AppDelegate.swift */; };
		0B2F95852593FDF200983BEE /* Assets.xcassets in Resources */ = {isa = PBXBuildFile; fileRef = 0B2F76B92593F9BA00983BEE /* Assets.xcassets */; };
		0B2F95862593FDF200983BEE /* LaunchScreen.storyboard in Resources */ = {isa = PBXBuildFile; fileRef = 0B2F76BB2593F9BA00983BEE /* LaunchScreen.storyboard */; };
		0B2F95872593FDF200983BEE /* Main.storyboard in Resources */ = {isa = PBXBuildFile; fileRef = 0B2F76BD2593F9BA00983BEE /* Main.storyboard */; };
		0B2F95B22594063300983BEE /* SceneDelegate.swift in Sources */ = {isa = PBXBuildFile; fileRef = 0B2F95B12594063300983BEE /* SceneDelegate.swift */; };
		0BC9553E25B1A19700522101 /* UIView+Extensions.swift in Sources */ = {isa = PBXBuildFile; fileRef = 0BC9553D25B1A19700522101 /* UIView+Extensions.swift */; };
		0BC9554025B1A44800522101 /* String+localized.swift in Sources */ = {isa = PBXBuildFile; fileRef = 0BC9553F25B1A44800522101 /* String+localized.swift */; };
		0BCFE09C25ACDAAE003F7BC2 /* Configuration.swift in Sources */ = {isa = PBXBuildFile; fileRef = 0BCFE09B25ACDAAE003F7BC2 /* Configuration.swift */; };
		0BCFE09F25ACF339003F7BC2 /* UIColor+HexString.swift in Sources */ = {isa = PBXBuildFile; fileRef = 0BCFE09E25ACF339003F7BC2 /* UIColor+HexString.swift */; };
		0BCFE0A225AD0011003F7BC2 /* AppConfig.json in Resources */ = {isa = PBXBuildFile; fileRef = 0BCFE0A125AD0011003F7BC2 /* AppConfig.json */; };
		0BCFE0A725AD9BCE003F7BC2 /* UIAlertController+Extensions.swift in Sources */ = {isa = PBXBuildFile; fileRef = 0BCFE0A625AD9BCE003F7BC2 /* UIAlertController+Extensions.swift */; };
		0BCFE0AF25AD9DA4003F7BC2 /* Localizable.strings in Resources */ = {isa = PBXBuildFile; fileRef = 0BCFE0AD25AD9DA4003F7BC2 /* Localizable.strings */; };
		0BCFE0B725B0975E003F7BC2 /* ApplicationCore.swift in Sources */ = {isa = PBXBuildFile; fileRef = 0BCFE0B625B0975E003F7BC2 /* ApplicationCore.swift */; };
		0BD719FC259C6B8E00151CB9 /* NetworkUtilities.swift in Sources */ = {isa = PBXBuildFile; fileRef = 0BD719FB259C6B8E00151CB9 /* NetworkUtilities.swift */; };
		0BFBD24F259518ED009EACAF /* nodejsProject in Resources */ = {isa = PBXBuildFile; fileRef = 0BFBD24E259518ED009EACAF /* nodejsProject */; };
		8A2C70C0278E0D50003547EF /* Module.swift in Sources */ = {isa = PBXBuildFile; fileRef = 8A2C70BF278E0D50003547EF /* Module.swift */; };
		8A7C28F2276FE99E001E7DBA /* GCDWebServers.xcframework in Frameworks */ = {isa = PBXBuildFile; fileRef = 8A7C28EC276FE7D1001E7DBA /* GCDWebServers.xcframework */; };
		8A7C28F3276FE99E001E7DBA /* GCDWebServers.xcframework in Embed Frameworks */ = {isa = PBXBuildFile; fileRef = 8A7C28EC276FE7D1001E7DBA /* GCDWebServers.xcframework */; settings = {ATTRIBUTES = (CodeSignOnCopy, RemoveHeadersOnCopy, ); }; };
		8A7C28F4276FE9A0001E7DBA /* NodeMobile.xcframework in Frameworks */ = {isa = PBXBuildFile; fileRef = 8A7C28F0276FE970001E7DBA /* NodeMobile.xcframework */; };
		8A7C28F5276FE9A0001E7DBA /* NodeMobile.xcframework in Embed Frameworks */ = {isa = PBXBuildFile; fileRef = 8A7C28F0276FE970001E7DBA /* NodeMobile.xcframework */; settings = {ATTRIBUTES = (CodeSignOnCopy, RemoveHeadersOnCopy, ); }; };
		8A7C28F6276FE9A1001E7DBA /* PSSmartWalletNativeLayer.xcframework in Frameworks */ = {isa = PBXBuildFile; fileRef = 8A7C28EE276FE7FE001E7DBA /* PSSmartWalletNativeLayer.xcframework */; };
		8A7C28F7276FE9A1001E7DBA /* PSSmartWalletNativeLayer.xcframework in Embed Frameworks */ = {isa = PBXBuildFile; fileRef = 8A7C28EE276FE7FE001E7DBA /* PSSmartWalletNativeLayer.xcframework */; settings = {ATTRIBUTES = (CodeSignOnCopy, RemoveHeadersOnCopy, ); }; };
		8A8832EC278C976700FFB63C /* NumberStreamTestAPI.swift in Sources */ = {isa = PBXBuildFile; fileRef = 8A8832E9278C976700FFB63C /* NumberStreamTestAPI.swift */; };
		8A8832ED278C976700FFB63C /* DataMatrixScan.swift in Sources */ = {isa = PBXBuildFile; fileRef = 8A8832EB278C976700FFB63C /* DataMatrixScan.swift */; };
		8A8832F1278C977B00FFB63C /* NodeRunner.mm in Sources */ = {isa = PBXBuildFile; fileRef = 8A8832EF278C977B00FFB63C /* NodeRunner.mm */; };
		8A8832F4278C978B00FFB63C /* PSKWebViewHostView.swift in Sources */ = {isa = PBXBuildFile; fileRef = 8A8832F3278C978B00FFB63C /* PSKWebViewHostView.swift */; };
		8A883305278C980300FFB63C /* CameraScreenViewController.swift in Sources */ = {isa = PBXBuildFile; fileRef = 8A8832F7278C980300FFB63C /* CameraScreenViewController.swift */; };
		8A883306278C980300FFB63C /* CodeScannerSoundFile.swift in Sources */ = {isa = PBXBuildFile; fileRef = 8A8832F8278C980300FFB63C /* CodeScannerSoundFile.swift */; };
		8A883307278C980300FFB63C /* CameraScreenViewController.xib in Resources */ = {isa = PBXBuildFile; fileRef = 8A8832F9278C980300FFB63C /* CameraScreenViewController.xib */; };
		8A883308278C980300FFB63C /* NibInstanceView.swift in Sources */ = {isa = PBXBuildFile; fileRef = 8A8832FD278C980300FFB63C /* NibInstanceView.swift */; };
		8A883309278C980300FFB63C /* LineAnimationView.swift in Sources */ = {isa = PBXBuildFile; fileRef = 8A8832FE278C980300FFB63C /* LineAnimationView.swift */; };
		8A88330A278C980300FFB63C /* ScannerFocusView.swift in Sources */ = {isa = PBXBuildFile; fileRef = 8A883300278C980300FFB63C /* ScannerFocusView.swift */; };
		8A88330B278C980300FFB63C /* ScannerFocusView.xib in Resources */ = {isa = PBXBuildFile; fileRef = 8A883301278C980300FFB63C /* ScannerFocusView.xib */; };
		8A88330C278C980300FFB63C /* MaskView.swift in Sources */ = {isa = PBXBuildFile; fileRef = 8A883302278C980300FFB63C /* MaskView.swift */; };
		8A88330D278C980300FFB63C /* ScannerAnimationView.xib in Resources */ = {isa = PBXBuildFile; fileRef = 8A883303278C980300FFB63C /* ScannerAnimationView.xib */; };
		8A88330E278C980300FFB63C /* ScannerAnimationView.swift in Sources */ = {isa = PBXBuildFile; fileRef = 8A883304278C980300FFB63C /* ScannerAnimationView.swift */; };
		8A883310278C98FE00FFB63C /* BaseModuleView.swift in Sources */ = {isa = PBXBuildFile; fileRef = 8A88330F278C98FE00FFB63C /* BaseModuleView.swift */; };
		8A883312278C998A00FFB63C /* Definitions.swift in Sources */ = {isa = PBXBuildFile; fileRef = 8A883311278C998A00FFB63C /* Definitions.swift */; };
		8A883315278CA75000FFB63C /* CameraScreenPresenter.swift in Sources */ = {isa = PBXBuildFile; fileRef = 8A883314278CA75000FFB63C /* CameraScreenPresenter.swift */; };
		8A883317278CBF5300FFB63C /* CameraScreenModuleInput.swift in Sources */ = {isa = PBXBuildFile; fileRef = 8A883316278CBF5300FFB63C /* CameraScreenModuleInput.swift */; };
		8A883319278CCA1400FFB63C /* CameraScreenModuleBuilder.swift in Sources */ = {isa = PBXBuildFile; fileRef = 8A883318278CCA1400FFB63C /* CameraScreenModuleBuilder.swift */; };
		8A88331E278CCF6B00FFB63C /* CameraMetadataScanModuleInput.swift in Sources */ = {isa = PBXBuildFile; fileRef = 8A88331D278CCF6B00FFB63C /* CameraMetadataScanModuleInput.swift */; };
		8A88D8F9278F6C440053C712 /* APICollection.swift in Sources */ = {isa = PBXBuildFile; fileRef = 8A88D8F8278F6C440053C712 /* APICollection.swift */; };
		8AD5387F2793144F00F28A81 /* ArrayUtilities.swift in Sources */ = {isa = PBXBuildFile; fileRef = 8AD5387E2793144F00F28A81 /* ArrayUtilities.swift */; };
		8AD5388427931DD100F28A81 /* CodeScannerViewController.xib in Resources */ = {isa = PBXBuildFile; fileRef = 8AD5388127931DD100F28A81 /* CodeScannerViewController.xib */; };
		8AD5388527931DD100F28A81 /* CodeScannerViewController.swift in Sources */ = {isa = PBXBuildFile; fileRef = 8AD5388227931DD100F28A81 /* CodeScannerViewController.swift */; };
		8AD538C227934C3200F28A81 /* CameraFrameCaptureModule.swift in Sources */ = {isa = PBXBuildFile; fileRef = 8AD538C127934C3200F28A81 /* CameraFrameCaptureModule.swift */; };
/* End PBXBuildFile section */

/* Begin PBXCopyFilesBuildPhase section */
		0BF91B0E2542186E001A9031 /* Embed Frameworks */ = {
			isa = PBXCopyFilesBuildPhase;
			buildActionMask = 2147483647;
			dstPath = "";
			dstSubfolderSpec = 10;
			files = (
				8A7C28F3276FE99E001E7DBA /* GCDWebServers.xcframework in Embed Frameworks */,
				8A7C28F5276FE9A0001E7DBA /* NodeMobile.xcframework in Embed Frameworks */,
				8A7C28F7276FE9A1001E7DBA /* PSSmartWalletNativeLayer.xcframework in Embed Frameworks */,
			);
			name = "Embed Frameworks";
			runOnlyForDeploymentPostprocessing = 0;
		};
/* End PBXCopyFilesBuildPhase section */

/* Begin PBXFileReference section */
		0B2F62462593F9A000983BEE /* ViewController.swift */ = {isa = PBXFileReference; fileEncoding = 4; lastKnownFileType = sourcecode.swift; path = ViewController.swift; sourceTree = "<group>"; };
		0B2F76A92593F9BA00983BEE /* PSKNodeServer-Bridging-Header.h */ = {isa = PBXFileReference; fileEncoding = 4; lastKnownFileType = sourcecode.c.h; path = "PSKNodeServer-Bridging-Header.h"; sourceTree = "<group>"; };
		0B2F76B92593F9BA00983BEE /* Assets.xcassets */ = {isa = PBXFileReference; lastKnownFileType = folder.assetcatalog; path = Assets.xcassets; sourceTree = "<group>"; };
		0B2F76BC2593F9BA00983BEE /* Base */ = {isa = PBXFileReference; lastKnownFileType = file.storyboard; name = Base; path = Base.lproj/LaunchScreen.storyboard; sourceTree = "<group>"; };
		0B2F76BE2593F9BA00983BEE /* Base */ = {isa = PBXFileReference; lastKnownFileType = file.storyboard; name = Base; path = Base.lproj/Main.storyboard; sourceTree = "<group>"; };
		0B2F7E992593F9C800983BEE /* AppDelegate.swift */ = {isa = PBXFileReference; fileEncoding = 4; lastKnownFileType = sourcecode.swift; path = AppDelegate.swift; sourceTree = "<group>"; };
		0B2F7EA12593F9C800983BEE /* Info.plist */ = {isa = PBXFileReference; fileEncoding = 4; lastKnownFileType = text.plist.xml; path = Info.plist; sourceTree = "<group>"; };
		0B2F95B12594063300983BEE /* SceneDelegate.swift */ = {isa = PBXFileReference; fileEncoding = 4; lastKnownFileType = sourcecode.swift; path = SceneDelegate.swift; sourceTree = "<group>"; };
		0BC9553D25B1A19700522101 /* UIView+Extensions.swift */ = {isa = PBXFileReference; lastKnownFileType = sourcecode.swift; path = "UIView+Extensions.swift"; sourceTree = "<group>"; };
		0BC9553F25B1A44800522101 /* String+localized.swift */ = {isa = PBXFileReference; lastKnownFileType = sourcecode.swift; path = "String+localized.swift"; sourceTree = "<group>"; };
		0BCFE09B25ACDAAE003F7BC2 /* Configuration.swift */ = {isa = PBXFileReference; lastKnownFileType = sourcecode.swift; path = Configuration.swift; sourceTree = "<group>"; };
		0BCFE09E25ACF339003F7BC2 /* UIColor+HexString.swift */ = {isa = PBXFileReference; lastKnownFileType = sourcecode.swift; path = "UIColor+HexString.swift"; sourceTree = "<group>"; };
		0BCFE0A125AD0011003F7BC2 /* AppConfig.json */ = {isa = PBXFileReference; lastKnownFileType = text.json; path = AppConfig.json; sourceTree = "<group>"; };
		0BCFE0A325AD138B003F7BC2 /* BuildConfig.xcconfig */ = {isa = PBXFileReference; lastKnownFileType = text.xcconfig; path = BuildConfig.xcconfig; sourceTree = "<group>"; };
		0BCFE0A625AD9BCE003F7BC2 /* UIAlertController+Extensions.swift */ = {isa = PBXFileReference; lastKnownFileType = sourcecode.swift; path = "UIAlertController+Extensions.swift"; sourceTree = "<group>"; };
		0BCFE0AE25AD9DA4003F7BC2 /* Base */ = {isa = PBXFileReference; lastKnownFileType = text.plist.strings; name = Base; path = PSKNodeServer/Base.lproj/Localizable.strings; sourceTree = "<group>"; };
		0BCFE0B625B0975E003F7BC2 /* ApplicationCore.swift */ = {isa = PBXFileReference; lastKnownFileType = sourcecode.swift; path = ApplicationCore.swift; sourceTree = "<group>"; };
		0BD719FB259C6B8E00151CB9 /* NetworkUtilities.swift */ = {isa = PBXFileReference; lastKnownFileType = sourcecode.swift; path = NetworkUtilities.swift; sourceTree = "<group>"; };
		0BEBA0D525B617610045D32E /* Version.xcconfig */ = {isa = PBXFileReference; lastKnownFileType = text.xcconfig; path = Version.xcconfig; sourceTree = "<group>"; };
		0BF91AEE2542058A001A9031 /* EPI.app */ = {isa = PBXFileReference; explicitFileType = wrapper.application; includeInIndex = 0; path = EPI.app; sourceTree = BUILT_PRODUCTS_DIR; };
		0BFBD24E259518ED009EACAF /* nodejsProject */ = {isa = PBXFileReference; lastKnownFileType = folder; path = nodejsProject; sourceTree = "<group>"; };
		8A2C70BF278E0D50003547EF /* Module.swift */ = {isa = PBXFileReference; lastKnownFileType = sourcecode.swift; path = Module.swift; sourceTree = "<group>"; };
		8A7C28EC276FE7D1001E7DBA /* GCDWebServers.xcframework */ = {isa = PBXFileReference; lastKnownFileType = wrapper.xcframework; name = GCDWebServers.xcframework; path = ../../../PSSmartWalletNativeLayer/Carthage/Build/GCDWebServers.xcframework; sourceTree = "<group>"; };
		8A7C28EE276FE7FE001E7DBA /* PSSmartWalletNativeLayer.xcframework */ = {isa = PBXFileReference; lastKnownFileType = wrapper.xcframework; name = PSSmartWalletNativeLayer.xcframework; path = ../../../PSSmartWalletNativeLayer/xcframeworkOutput/PSSmartWalletNativeLayer.xcframework; sourceTree = "<group>"; };
		8A7C28F0276FE970001E7DBA /* NodeMobile.xcframework */ = {isa = PBXFileReference; lastKnownFileType = wrapper.xcframework; path = NodeMobile.xcframework; sourceTree = "<group>"; };
		8A8832E9278C976700FFB63C /* NumberStreamTestAPI.swift */ = {isa = PBXFileReference; fileEncoding = 4; lastKnownFileType = sourcecode.swift; path = NumberStreamTestAPI.swift; sourceTree = "<group>"; };
		8A8832EB278C976700FFB63C /* DataMatrixScan.swift */ = {isa = PBXFileReference; fileEncoding = 4; lastKnownFileType = sourcecode.swift; path = DataMatrixScan.swift; sourceTree = "<group>"; };
		8A8832EF278C977B00FFB63C /* NodeRunner.mm */ = {isa = PBXFileReference; fileEncoding = 4; lastKnownFileType = sourcecode.cpp.objcpp; path = NodeRunner.mm; sourceTree = "<group>"; };
		8A8832F0278C977B00FFB63C /* NodeRunner.h */ = {isa = PBXFileReference; fileEncoding = 4; lastKnownFileType = sourcecode.c.h; path = NodeRunner.h; sourceTree = "<group>"; };
		8A8832F3278C978B00FFB63C /* PSKWebViewHostView.swift */ = {isa = PBXFileReference; fileEncoding = 4; lastKnownFileType = sourcecode.swift; path = PSKWebViewHostView.swift; sourceTree = "<group>"; };
		8A8832F7278C980300FFB63C /* CameraScreenViewController.swift */ = {isa = PBXFileReference; fileEncoding = 4; lastKnownFileType = sourcecode.swift; path = CameraScreenViewController.swift; sourceTree = "<group>"; };
		8A8832F8278C980300FFB63C /* CodeScannerSoundFile.swift */ = {isa = PBXFileReference; fileEncoding = 4; lastKnownFileType = sourcecode.swift; path = CodeScannerSoundFile.swift; sourceTree = "<group>"; };
		8A8832F9278C980300FFB63C /* CameraScreenViewController.xib */ = {isa = PBXFileReference; fileEncoding = 4; lastKnownFileType = file.xib; path = CameraScreenViewController.xib; sourceTree = "<group>"; };
		8A8832FD278C980300FFB63C /* NibInstanceView.swift */ = {isa = PBXFileReference; fileEncoding = 4; lastKnownFileType = sourcecode.swift; path = NibInstanceView.swift; sourceTree = "<group>"; };
		8A8832FE278C980300FFB63C /* LineAnimationView.swift */ = {isa = PBXFileReference; fileEncoding = 4; lastKnownFileType = sourcecode.swift; path = LineAnimationView.swift; sourceTree = "<group>"; };
		8A883300278C980300FFB63C /* ScannerFocusView.swift */ = {isa = PBXFileReference; fileEncoding = 4; lastKnownFileType = sourcecode.swift; path = ScannerFocusView.swift; sourceTree = "<group>"; };
		8A883301278C980300FFB63C /* ScannerFocusView.xib */ = {isa = PBXFileReference; fileEncoding = 4; lastKnownFileType = file.xib; path = ScannerFocusView.xib; sourceTree = "<group>"; };
		8A883302278C980300FFB63C /* MaskView.swift */ = {isa = PBXFileReference; fileEncoding = 4; lastKnownFileType = sourcecode.swift; path = MaskView.swift; sourceTree = "<group>"; };
		8A883303278C980300FFB63C /* ScannerAnimationView.xib */ = {isa = PBXFileReference; fileEncoding = 4; lastKnownFileType = file.xib; path = ScannerAnimationView.xib; sourceTree = "<group>"; };
		8A883304278C980300FFB63C /* ScannerAnimationView.swift */ = {isa = PBXFileReference; fileEncoding = 4; lastKnownFileType = sourcecode.swift; path = ScannerAnimationView.swift; sourceTree = "<group>"; };
		8A88330F278C98FE00FFB63C /* BaseModuleView.swift */ = {isa = PBXFileReference; lastKnownFileType = sourcecode.swift; path = BaseModuleView.swift; sourceTree = "<group>"; };
		8A883311278C998A00FFB63C /* Definitions.swift */ = {isa = PBXFileReference; lastKnownFileType = sourcecode.swift; path = Definitions.swift; sourceTree = "<group>"; };
		8A883314278CA75000FFB63C /* CameraScreenPresenter.swift */ = {isa = PBXFileReference; lastKnownFileType = sourcecode.swift; path = CameraScreenPresenter.swift; sourceTree = "<group>"; };
		8A883316278CBF5300FFB63C /* CameraScreenModuleInput.swift */ = {isa = PBXFileReference; lastKnownFileType = sourcecode.swift; path = CameraScreenModuleInput.swift; sourceTree = "<group>"; };
		8A883318278CCA1400FFB63C /* CameraScreenModuleBuilder.swift */ = {isa = PBXFileReference; lastKnownFileType = sourcecode.swift; path = CameraScreenModuleBuilder.swift; sourceTree = "<group>"; };
		8A88331D278CCF6B00FFB63C /* CameraMetadataScanModuleInput.swift */ = {isa = PBXFileReference; lastKnownFileType = sourcecode.swift; path = CameraMetadataScanModuleInput.swift; sourceTree = "<group>"; };
		8A88D8F8278F6C440053C712 /* APICollection.swift */ = {isa = PBXFileReference; lastKnownFileType = sourcecode.swift; path = APICollection.swift; sourceTree = "<group>"; };
		8AD5387E2793144F00F28A81 /* ArrayUtilities.swift */ = {isa = PBXFileReference; lastKnownFileType = sourcecode.swift; path = ArrayUtilities.swift; sourceTree = "<group>"; };
		8AD5388127931DD100F28A81 /* CodeScannerViewController.xib */ = {isa = PBXFileReference; fileEncoding = 4; lastKnownFileType = file.xib; path = CodeScannerViewController.xib; sourceTree = "<group>"; };
		8AD5388227931DD100F28A81 /* CodeScannerViewController.swift */ = {isa = PBXFileReference; fileEncoding = 4; lastKnownFileType = sourcecode.swift; path = CodeScannerViewController.swift; sourceTree = "<group>"; };
		8AD538C127934C3200F28A81 /* CameraFrameCaptureModule.swift */ = {isa = PBXFileReference; lastKnownFileType = sourcecode.swift; path = CameraFrameCaptureModule.swift; sourceTree = "<group>"; };
/* End PBXFileReference section */

/* Begin PBXFrameworksBuildPhase section */
		0BF91AEB2542058A001A9031 /* Frameworks */ = {
			isa = PBXFrameworksBuildPhase;
			buildActionMask = 2147483647;
			files = (
				8A7C28F2276FE99E001E7DBA /* GCDWebServers.xcframework in Frameworks */,
				8A7C28F4276FE9A0001E7DBA /* NodeMobile.xcframework in Frameworks */,
				8A7C28F6276FE9A1001E7DBA /* PSSmartWalletNativeLayer.xcframework in Frameworks */,
			);
			runOnlyForDeploymentPostprocessing = 0;
		};
/* End PBXFrameworksBuildPhase section */

/* Begin PBXGroup section */
		0B2F62452593F9A000983BEE /* PSKNodeServer */ = {
			isa = PBXGroup;
			children = (
				0BEBA0D625B645410045D32E /* UI */,
				0BFBD24E259518ED009EACAF /* nodejsProject */,
				0BCFE0A025ACFFEA003F7BC2 /* Resources */,
				0BD719F8259C6A9900151CB9 /* Core */,
				0B2F62462593F9A000983BEE /* ViewController.swift */,
				0B2F95B12594063300983BEE /* SceneDelegate.swift */,
				0B2F7E992593F9C800983BEE /* AppDelegate.swift */,
				0B2F76A92593F9BA00983BEE /* PSKNodeServer-Bridging-Header.h */,
				0B2F76B92593F9BA00983BEE /* Assets.xcassets */,
				0B2F7E9D2593F9C800983BEE /* Frameworks */,
				0B2F7EA12593F9C800983BEE /* Info.plist */,
			);
			path = PSKNodeServer;
			sourceTree = "<group>";
		};
		0B2F7E9D2593F9C800983BEE /* Frameworks */ = {
			isa = PBXGroup;
			children = (
				8A7C28F0276FE970001E7DBA /* NodeMobile.xcframework */,
				8A7C28EE276FE7FE001E7DBA /* PSSmartWalletNativeLayer.xcframework */,
				8A7C28EC276FE7D1001E7DBA /* GCDWebServers.xcframework */,
			);
			path = Frameworks;
			sourceTree = "<group>";
		};
		0B77D9BB2545F100006E0CC3 /* Frameworks */ = {
			isa = PBXGroup;
			children = (
			);
			name = Frameworks;
			sourceTree = "<group>";
		};
		0BCFE09D25ACF328003F7BC2 /* Utilities */ = {
			isa = PBXGroup;
			children = (
				0BD719FB259C6B8E00151CB9 /* NetworkUtilities.swift */,
				0BCFE09E25ACF339003F7BC2 /* UIColor+HexString.swift */,
				0BCFE0A625AD9BCE003F7BC2 /* UIAlertController+Extensions.swift */,
				0BC9553D25B1A19700522101 /* UIView+Extensions.swift */,
				0BC9553F25B1A44800522101 /* String+localized.swift */,
				8A883311278C998A00FFB63C /* Definitions.swift */,
				8AD5387E2793144F00F28A81 /* ArrayUtilities.swift */,
			);
			path = Utilities;
			sourceTree = "<group>";
		};
		0BCFE0A025ACFFEA003F7BC2 /* Resources */ = {
			isa = PBXGroup;
			children = (
				0BCFE0A125AD0011003F7BC2 /* AppConfig.json */,
				0BCFE0A325AD138B003F7BC2 /* BuildConfig.xcconfig */,
				0BEBA0D525B617610045D32E /* Version.xcconfig */,
			);
			path = Resources;
			sourceTree = "<group>";
		};
		0BD719F8259C6A9900151CB9 /* Core */ = {
			isa = PBXGroup;
			children = (
				8A8832F5278C980300FFB63C /* Modules */,
				8A8832F2278C978B00FFB63C /* Views */,
				8A8832EE278C977B00FFB63C /* NodeRunner */,
				8A8832E7278C976700FFB63C /* API */,
				0BCFE09D25ACF328003F7BC2 /* Utilities */,
				0BCFE09B25ACDAAE003F7BC2 /* Configuration.swift */,
				0BCFE0B625B0975E003F7BC2 /* ApplicationCore.swift */,
			);
			path = Core;
			sourceTree = "<group>";
		};
		0BEBA0D625B645410045D32E /* UI */ = {
			isa = PBXGroup;
			children = (
				0B2F76BB2593F9BA00983BEE /* LaunchScreen.storyboard */,
				0B2F76BD2593F9BA00983BEE /* Main.storyboard */,
				0BCFE0AD25AD9DA4003F7BC2 /* Localizable.strings */,
			);
			path = UI;
			sourceTree = "<group>";
		};
		0BF91AE52542058A001A9031 = {
			isa = PBXGroup;
			children = (
				0B2F62452593F9A000983BEE /* PSKNodeServer */,
				0BF91AEF2542058A001A9031 /* Products */,
				0B77D9BB2545F100006E0CC3 /* Frameworks */,
			);
			sourceTree = "<group>";
		};
		0BF91AEF2542058A001A9031 /* Products */ = {
			isa = PBXGroup;
			children = (
				0BF91AEE2542058A001A9031 /* EPI.app */,
			);
			name = Products;
			sourceTree = "<group>";
		};
		8A8832E7278C976700FFB63C /* API */ = {
			isa = PBXGroup;
			children = (
				8A88D8F8278F6C440053C712 /* APICollection.swift */,
				8A88D8FA278F6CCA0053C712 /* APIList */,
			);
			path = API;
			sourceTree = "<group>";
		};
		8A8832EE278C977B00FFB63C /* NodeRunner */ = {
			isa = PBXGroup;
			children = (
				8A8832EF278C977B00FFB63C /* NodeRunner.mm */,
				8A8832F0278C977B00FFB63C /* NodeRunner.h */,
			);
			path = NodeRunner;
			sourceTree = "<group>";
		};
		8A8832F2278C978B00FFB63C /* Views */ = {
			isa = PBXGroup;
			children = (
				8AD5388027931DC300F28A81 /* OldCodeScanner */,
				8A8832FC278C980300FFB63C /* UtilityViews */,
				8A8832F3278C978B00FFB63C /* PSKWebViewHostView.swift */,
			);
			path = Views;
			sourceTree = "<group>";
		};
		8A8832F5278C980300FFB63C /* Modules */ = {
			isa = PBXGroup;
			children = (
				8A2C70BF278E0D50003547EF /* Module.swift */,
				8A88330F278C98FE00FFB63C /* BaseModuleView.swift */,
				8AD538C027934C0B00F28A81 /* CameraFrameCaptureModule */,
				8A8832F6278C980300FFB63C /* CameraScreenModule */,
				8A88331C278CCF4100FFB63C /* CameraMetadataScanModule */,
			);
			path = Modules;
			sourceTree = "<group>";
		};
		8A8832F6278C980300FFB63C /* CameraScreenModule */ = {
			isa = PBXGroup;
			children = (
				8A883318278CCA1400FFB63C /* CameraScreenModuleBuilder.swift */,
				8A883316278CBF5300FFB63C /* CameraScreenModuleInput.swift */,
				8A883314278CA75000FFB63C /* CameraScreenPresenter.swift */,
				8A883313278CA6C300FFB63C /* View */,
				8A8832FA278C980300FFB63C /* Resources */,
			);
			path = CameraScreenModule;
			sourceTree = "<group>";
		};
		8A8832FA278C980300FFB63C /* Resources */ = {
			isa = PBXGroup;
			children = (
				8A8832F8278C980300FFB63C /* CodeScannerSoundFile.swift */,
			);
			path = Resources;
			sourceTree = "<group>";
		};
		8A8832FB278C980300FFB63C /* ScannerAnimationView */ = {
			isa = PBXGroup;
			children = (
				8A883303278C980300FFB63C /* ScannerAnimationView.xib */,
				8A883304278C980300FFB63C /* ScannerAnimationView.swift */,
			);
			path = ScannerAnimationView;
			sourceTree = "<group>";
		};
		8A8832FC278C980300FFB63C /* UtilityViews */ = {
			isa = PBXGroup;
			children = (
				8A883302278C980300FFB63C /* MaskView.swift */,
				8A8832FD278C980300FFB63C /* NibInstanceView.swift */,
				8A8832FE278C980300FFB63C /* LineAnimationView.swift */,
				8A8832FF278C980300FFB63C /* ScannerFocusView */,
			);
			path = UtilityViews;
			sourceTree = "<group>";
		};
		8A8832FF278C980300FFB63C /* ScannerFocusView */ = {
			isa = PBXGroup;
			children = (
				8A883300278C980300FFB63C /* ScannerFocusView.swift */,
				8A883301278C980300FFB63C /* ScannerFocusView.xib */,
			);
			path = ScannerFocusView;
			sourceTree = "<group>";
		};
		8A883313278CA6C300FFB63C /* View */ = {
			isa = PBXGroup;
			children = (
				8A8832FB278C980300FFB63C /* ScannerAnimationView */,
				8A8832F7278C980300FFB63C /* CameraScreenViewController.swift */,
				8A8832F9278C980300FFB63C /* CameraScreenViewController.xib */,
			);
			path = View;
			sourceTree = "<group>";
		};
		8A88331C278CCF4100FFB63C /* CameraMetadataScanModule */ = {
			isa = PBXGroup;
			children = (
				8A88331D278CCF6B00FFB63C /* CameraMetadataScanModuleInput.swift */,
			);
			path = CameraMetadataScanModule;
			sourceTree = "<group>";
		};
		8A88D8FA278F6CCA0053C712 /* APIList */ = {
			isa = PBXGroup;
			children = (
				8A8832E9278C976700FFB63C /* NumberStreamTestAPI.swift */,
				8A8832EB278C976700FFB63C /* DataMatrixScan.swift */,
			);
			path = APIList;
			sourceTree = "<group>";
		};
		8AD5388027931DC300F28A81 /* OldCodeScanner */ = {
			isa = PBXGroup;
			children = (
				8AD5388227931DD100F28A81 /* CodeScannerViewController.swift */,
				8AD5388127931DD100F28A81 /* CodeScannerViewController.xib */,
			);
			path = OldCodeScanner;
			sourceTree = "<group>";
		};
		8AD538C027934C0B00F28A81 /* CameraFrameCaptureModule */ = {
			isa = PBXGroup;
			children = (
				8AD538C127934C3200F28A81 /* CameraFrameCaptureModule.swift */,
			);
			path = CameraFrameCaptureModule;
			sourceTree = "<group>";
		};
/* End PBXGroup section */

/* Begin PBXNativeTarget section */
		0BF91AED2542058A001A9031 /* PSKNodeServer */ = {
			isa = PBXNativeTarget;
			buildConfigurationList = 0BF91B022542058D001A9031 /* Build configuration list for PBXNativeTarget "PSKNodeServer" */;
			buildPhases = (
				0BF91AEA2542058A001A9031 /* Sources */,
				0BF91AEB2542058A001A9031 /* Frameworks */,
				0BF91B0E2542186E001A9031 /* Embed Frameworks */,
				0B2F95842593FDE400983BEE /* Resources */,
			);
			buildRules = (
			);
			dependencies = (
			);
			name = PSKNodeServer;
			productName = PSSmartWalletNativeLayerDemo;
			productReference = 0BF91AEE2542058A001A9031 /* EPI.app */;
			productType = "com.apple.product-type.application";
		};
/* End PBXNativeTarget section */

/* Begin PBXProject section */
		0BF91AE62542058A001A9031 /* Project object */ = {
			isa = PBXProject;
			attributes = {
				LastSwiftUpdateCheck = 1200;
				LastUpgradeCheck = 1200;
				TargetAttributes = {
					0BF91AED2542058A001A9031 = {
						CreatedOnToolsVersion = 12.0;
						LastSwiftMigration = 1200;
					};
				};
			};
			buildConfigurationList = 0BF91AE92542058A001A9031 /* Build configuration list for PBXProject "PSKNodeServer" */;
			compatibilityVersion = "Xcode 9.3";
			developmentRegion = en;
			hasScannedForEncodings = 0;
			knownRegions = (
				en,
				Base,
			);
			mainGroup = 0BF91AE52542058A001A9031;
			productRefGroup = 0BF91AEF2542058A001A9031 /* Products */;
			projectDirPath = "";
			projectRoot = "";
			targets = (
				0BF91AED2542058A001A9031 /* PSKNodeServer */,
			);
		};
/* End PBXProject section */

/* Begin PBXResourcesBuildPhase section */
		0B2F95842593FDE400983BEE /* Resources */ = {
			isa = PBXResourcesBuildPhase;
			buildActionMask = 2147483647;
			files = (
				0BCFE0A225AD0011003F7BC2 /* AppConfig.json in Resources */,
				0BFBD24F259518ED009EACAF /* nodejsProject in Resources */,
				8A88330B278C980300FFB63C /* ScannerFocusView.xib in Resources */,
				0B2F95852593FDF200983BEE /* Assets.xcassets in Resources */,
				0BCFE0AF25AD9DA4003F7BC2 /* Localizable.strings in Resources */,
				0B2F95862593FDF200983BEE /* LaunchScreen.storyboard in Resources */,
				0B2F95872593FDF200983BEE /* Main.storyboard in Resources */,
				8A883307278C980300FFB63C /* CameraScreenViewController.xib in Resources */,
				8AD5388427931DD100F28A81 /* CodeScannerViewController.xib in Resources */,
				8A88330D278C980300FFB63C /* ScannerAnimationView.xib in Resources */,
			);
			runOnlyForDeploymentPostprocessing = 0;
		};
/* End PBXResourcesBuildPhase section */

/* Begin PBXSourcesBuildPhase section */
		0BF91AEA2542058A001A9031 /* Sources */ = {
			isa = PBXSourcesBuildPhase;
			buildActionMask = 2147483647;
			files = (
				8A883312278C998A00FFB63C /* Definitions.swift in Sources */,
				8A88330C278C980300FFB63C /* MaskView.swift in Sources */,
				0BCFE0A725AD9BCE003F7BC2 /* UIAlertController+Extensions.swift in Sources */,
				8A8832F4278C978B00FFB63C /* PSKWebViewHostView.swift in Sources */,
				8AD5388527931DD100F28A81 /* CodeScannerViewController.swift in Sources */,
				8A88330E278C980300FFB63C /* ScannerAnimationView.swift in Sources */,
				0BC9554025B1A44800522101 /* String+localized.swift in Sources */,
				8AD538C227934C3200F28A81 /* CameraFrameCaptureModule.swift in Sources */,
				8A88331E278CCF6B00FFB63C /* CameraMetadataScanModuleInput.swift in Sources */,
				8A883309278C980300FFB63C /* LineAnimationView.swift in Sources */,
				8A883306278C980300FFB63C /* CodeScannerSoundFile.swift in Sources */,
				8A883319278CCA1400FFB63C /* CameraScreenModuleBuilder.swift in Sources */,
				0B2F95732593F9D600983BEE /* AppDelegate.swift in Sources */,
				8A88330A278C980300FFB63C /* ScannerFocusView.swift in Sources */,
				8A2C70C0278E0D50003547EF /* Module.swift in Sources */,
				8A8832F1278C977B00FFB63C /* NodeRunner.mm in Sources */,
				0BD719FC259C6B8E00151CB9 /* NetworkUtilities.swift in Sources */,
				8A883317278CBF5300FFB63C /* CameraScreenModuleInput.swift in Sources */,
				8AD5387F2793144F00F28A81 /* ArrayUtilities.swift in Sources */,
				0BCFE09F25ACF339003F7BC2 /* UIColor+HexString.swift in Sources */,
				8A8832ED278C976700FFB63C /* DataMatrixScan.swift in Sources */,
				0BCFE09C25ACDAAE003F7BC2 /* Configuration.swift in Sources */,
				8A883315278CA75000FFB63C /* CameraScreenPresenter.swift in Sources */,
				0BCFE0B725B0975E003F7BC2 /* ApplicationCore.swift in Sources */,
				8A883310278C98FE00FFB63C /* BaseModuleView.swift in Sources */,
				8A8832EC278C976700FFB63C /* NumberStreamTestAPI.swift in Sources */,
				8A88D8F9278F6C440053C712 /* APICollection.swift in Sources */,
				0BC9553E25B1A19700522101 /* UIView+Extensions.swift in Sources */,
				0B2F7EA32593F9C900983BEE /* ViewController.swift in Sources */,
				8A883308278C980300FFB63C /* NibInstanceView.swift in Sources */,
				8A883305278C980300FFB63C /* CameraScreenViewController.swift in Sources */,
				0B2F95B22594063300983BEE /* SceneDelegate.swift in Sources */,
			);
			runOnlyForDeploymentPostprocessing = 0;
		};
/* End PBXSourcesBuildPhase section */

/* Begin PBXVariantGroup section */
		0B2F76BB2593F9BA00983BEE /* LaunchScreen.storyboard */ = {
			isa = PBXVariantGroup;
			children = (
				0B2F76BC2593F9BA00983BEE /* Base */,
			);
			name = LaunchScreen.storyboard;
			sourceTree = "<group>";
		};
		0B2F76BD2593F9BA00983BEE /* Main.storyboard */ = {
			isa = PBXVariantGroup;
			children = (
				0B2F76BE2593F9BA00983BEE /* Base */,
			);
			name = Main.storyboard;
			sourceTree = "<group>";
		};
		0BCFE0AD25AD9DA4003F7BC2 /* Localizable.strings */ = {
			isa = PBXVariantGroup;
			children = (
				0BCFE0AE25AD9DA4003F7BC2 /* Base */,
			);
			name = Localizable.strings;
			sourceTree = "<group>";
		};
/* End PBXVariantGroup section */

/* Begin XCBuildConfiguration section */
		0BF91B002542058D001A9031 /* Debug */ = {
			isa = XCBuildConfiguration;
			baseConfigurationReference = 0BCFE0A325AD138B003F7BC2 /* BuildConfig.xcconfig */;
			buildSettings = {
				ALWAYS_SEARCH_USER_PATHS = NO;
				CLANG_ANALYZER_NONNULL = YES;
				CLANG_ANALYZER_NUMBER_OBJECT_CONVERSION = YES_AGGRESSIVE;
				CLANG_CXX_LANGUAGE_STANDARD = "gnu++14";
				CLANG_CXX_LIBRARY = "libc++";
				CLANG_ENABLE_MODULES = YES;
				CLANG_ENABLE_OBJC_ARC = YES;
				CLANG_ENABLE_OBJC_WEAK = YES;
				CLANG_WARN_BLOCK_CAPTURE_AUTORELEASING = YES;
				CLANG_WARN_BOOL_CONVERSION = YES;
				CLANG_WARN_COMMA = YES;
				CLANG_WARN_CONSTANT_CONVERSION = YES;
				CLANG_WARN_DEPRECATED_OBJC_IMPLEMENTATIONS = YES;
				CLANG_WARN_DIRECT_OBJC_ISA_USAGE = YES_ERROR;
				CLANG_WARN_DOCUMENTATION_COMMENTS = YES;
				CLANG_WARN_EMPTY_BODY = YES;
				CLANG_WARN_ENUM_CONVERSION = YES;
				CLANG_WARN_INFINITE_RECURSION = YES;
				CLANG_WARN_INT_CONVERSION = YES;
				CLANG_WARN_NON_LITERAL_NULL_CONVERSION = YES;
				CLANG_WARN_OBJC_IMPLICIT_RETAIN_SELF = YES;
				CLANG_WARN_OBJC_LITERAL_CONVERSION = YES;
				CLANG_WARN_OBJC_ROOT_CLASS = YES_ERROR;
				CLANG_WARN_QUOTED_INCLUDE_IN_FRAMEWORK_HEADER = YES;
				CLANG_WARN_RANGE_LOOP_ANALYSIS = YES;
				CLANG_WARN_STRICT_PROTOTYPES = YES;
				CLANG_WARN_SUSPICIOUS_MOVE = YES;
				CLANG_WARN_UNGUARDED_AVAILABILITY = YES_AGGRESSIVE;
				CLANG_WARN_UNREACHABLE_CODE = YES;
				CLANG_WARN__DUPLICATE_METHOD_MATCH = YES;
				COPY_PHASE_STRIP = NO;
				DEBUG_INFORMATION_FORMAT = dwarf;
				ENABLE_STRICT_OBJC_MSGSEND = YES;
				ENABLE_TESTABILITY = YES;
				GCC_C_LANGUAGE_STANDARD = gnu11;
				GCC_DYNAMIC_NO_PIC = NO;
				GCC_NO_COMMON_BLOCKS = YES;
				GCC_OPTIMIZATION_LEVEL = 0;
				GCC_PREPROCESSOR_DEFINITIONS = (
					"DEBUG=1",
					"$(inherited)",
				);
				GCC_WARN_64_TO_32_BIT_CONVERSION = YES;
				GCC_WARN_ABOUT_RETURN_TYPE = YES_ERROR;
				GCC_WARN_UNDECLARED_SELECTOR = YES;
				GCC_WARN_UNINITIALIZED_AUTOS = YES_AGGRESSIVE;
				GCC_WARN_UNUSED_FUNCTION = YES;
				GCC_WARN_UNUSED_VARIABLE = YES;
				IPHONEOS_DEPLOYMENT_TARGET = 14.0;
				MTL_ENABLE_DEBUG_INFO = INCLUDE_SOURCE;
				MTL_FAST_MATH = YES;
				SDKROOT = iphoneos;
				SWIFT_ACTIVE_COMPILATION_CONDITIONS = DEBUG;
				SWIFT_OPTIMIZATION_LEVEL = "-Onone";
			};
			name = Debug;
		};
		0BF91B012542058D001A9031 /* Release */ = {
			isa = XCBuildConfiguration;
			baseConfigurationReference = 0BCFE0A325AD138B003F7BC2 /* BuildConfig.xcconfig */;
			buildSettings = {
				ALWAYS_SEARCH_USER_PATHS = NO;
				CLANG_ANALYZER_NONNULL = YES;
				CLANG_ANALYZER_NUMBER_OBJECT_CONVERSION = YES_AGGRESSIVE;
				CLANG_CXX_LANGUAGE_STANDARD = "gnu++14";
				CLANG_CXX_LIBRARY = "libc++";
				CLANG_ENABLE_MODULES = YES;
				CLANG_ENABLE_OBJC_ARC = YES;
				CLANG_ENABLE_OBJC_WEAK = YES;
				CLANG_WARN_BLOCK_CAPTURE_AUTORELEASING = YES;
				CLANG_WARN_BOOL_CONVERSION = YES;
				CLANG_WARN_COMMA = YES;
				CLANG_WARN_CONSTANT_CONVERSION = YES;
				CLANG_WARN_DEPRECATED_OBJC_IMPLEMENTATIONS = YES;
				CLANG_WARN_DIRECT_OBJC_ISA_USAGE = YES_ERROR;
				CLANG_WARN_DOCUMENTATION_COMMENTS = YES;
				CLANG_WARN_EMPTY_BODY = YES;
				CLANG_WARN_ENUM_CONVERSION = YES;
				CLANG_WARN_INFINITE_RECURSION = YES;
				CLANG_WARN_INT_CONVERSION = YES;
				CLANG_WARN_NON_LITERAL_NULL_CONVERSION = YES;
				CLANG_WARN_OBJC_IMPLICIT_RETAIN_SELF = YES;
				CLANG_WARN_OBJC_LITERAL_CONVERSION = YES;
				CLANG_WARN_OBJC_ROOT_CLASS = YES_ERROR;
				CLANG_WARN_QUOTED_INCLUDE_IN_FRAMEWORK_HEADER = YES;
				CLANG_WARN_RANGE_LOOP_ANALYSIS = YES;
				CLANG_WARN_STRICT_PROTOTYPES = YES;
				CLANG_WARN_SUSPICIOUS_MOVE = YES;
				CLANG_WARN_UNGUARDED_AVAILABILITY = YES_AGGRESSIVE;
				CLANG_WARN_UNREACHABLE_CODE = YES;
				CLANG_WARN__DUPLICATE_METHOD_MATCH = YES;
				COPY_PHASE_STRIP = NO;
				DEBUG_INFORMATION_FORMAT = "dwarf-with-dsym";
				ENABLE_NS_ASSERTIONS = NO;
				ENABLE_STRICT_OBJC_MSGSEND = YES;
				GCC_C_LANGUAGE_STANDARD = gnu11;
				GCC_NO_COMMON_BLOCKS = YES;
				GCC_WARN_64_TO_32_BIT_CONVERSION = YES;
				GCC_WARN_ABOUT_RETURN_TYPE = YES_ERROR;
				GCC_WARN_UNDECLARED_SELECTOR = YES;
				GCC_WARN_UNINITIALIZED_AUTOS = YES_AGGRESSIVE;
				GCC_WARN_UNUSED_FUNCTION = YES;
				GCC_WARN_UNUSED_VARIABLE = YES;
				IPHONEOS_DEPLOYMENT_TARGET = 14.0;
				MTL_ENABLE_DEBUG_INFO = NO;
				MTL_FAST_MATH = YES;
				SDKROOT = iphoneos;
				SWIFT_COMPILATION_MODE = wholemodule;
				SWIFT_OPTIMIZATION_LEVEL = "-O";
				VALIDATE_PRODUCT = YES;
			};
			name = Release;
		};
		0BF91B032542058D001A9031 /* Debug */ = {
			isa = XCBuildConfiguration;
			buildSettings = {
				ASSETCATALOG_COMPILER_APPICON_NAME = AppIcon;
				ASSETCATALOG_COMPILER_GLOBAL_ACCENT_COLOR_NAME = AccentColor;
				CLANG_ENABLE_MODULES = YES;
				CODE_SIGN_IDENTITY = "Apple Development";
				CODE_SIGN_STYLE = Automatic;
				DEVELOPMENT_TEAM = VG2HGP7PFP;
				ENABLE_BITCODE = NO;
				FRAMEWORK_SEARCH_PATHS = (
					"$(inherited)",
					"$(PROJECT_DIR)/PSKNodeServer/",
					"$(PROJECT_DIR)/PSKNodeServer/Frameworks",
					"$(PROJECT_DIR)/PSKNodeServer/Frameworks",
				);
				INFOPLIST_FILE = PSKNodeServer/Info.plist;
				IPHONEOS_DEPLOYMENT_TARGET = 12.0;
				LD_RUNPATH_SEARCH_PATHS = (
					"$(inherited)",
					"@executable_path/Frameworks",
				);
				PRODUCT_BUNDLE_IDENTIFIER = intern.privatesky.iosEdge;
				PRODUCT_MODULE_NAME = "$(TARGET_NAME)";
				PRODUCT_NAME = "$(PRODUCT_NAME)";
				PROVISIONING_PROFILE_SPECIFIER = "";
				SWIFT_OBJC_BRIDGING_HEADER = "PSKNodeServer/PSKNodeServer-Bridging-Header.h";
				SWIFT_OPTIMIZATION_LEVEL = "-Onone";
				SWIFT_VERSION = 5.0;
				TARGETED_DEVICE_FAMILY = 1;
				VALIDATE_WORKSPACE = YES;
			};
			name = Debug;
		};
		0BF91B042542058D001A9031 /* Release */ = {
			isa = XCBuildConfiguration;
			buildSettings = {
				ASSETCATALOG_COMPILER_APPICON_NAME = AppIcon;
				ASSETCATALOG_COMPILER_GLOBAL_ACCENT_COLOR_NAME = AccentColor;
				CLANG_ENABLE_MODULES = YES;
				CODE_SIGN_IDENTITY = "Apple Development";
				CODE_SIGN_STYLE = Automatic;
				DEPLOYMENT_POSTPROCESSING = YES;
				DEVELOPMENT_TEAM = VG2HGP7PFP;
				ENABLE_BITCODE = NO;
				FRAMEWORK_SEARCH_PATHS = (
					"$(inherited)",
					"$(PROJECT_DIR)/PSKNodeServer/",
					"$(PROJECT_DIR)/PSKNodeServer/Frameworks",
					"$(PROJECT_DIR)/PSKNodeServer/Frameworks",
				);
				INFOPLIST_FILE = PSKNodeServer/Info.plist;
				IPHONEOS_DEPLOYMENT_TARGET = 12.0;
				LD_RUNPATH_SEARCH_PATHS = (
					"$(inherited)",
					"@executable_path/Frameworks",
				);
				PRODUCT_BUNDLE_IDENTIFIER = intern.PSSmartWalletNativeLayerDemo;
				PRODUCT_MODULE_NAME = "$(TARGET_NAME)";
				PRODUCT_NAME = "$(PRODUCT_NAME)";
				PROVISIONING_PROFILE_SPECIFIER = "";
				SWIFT_OBJC_BRIDGING_HEADER = "PSKNodeServer/PSKNodeServer-Bridging-Header.h";
				SWIFT_VERSION = 5.0;
				TARGETED_DEVICE_FAMILY = 1;
				VALIDATE_WORKSPACE = YES;
			};
			name = Release;
		};
/* End XCBuildConfiguration section */

/* Begin XCConfigurationList section */
		0BF91AE92542058A001A9031 /* Build configuration list for PBXProject "PSKNodeServer" */ = {
			isa = XCConfigurationList;
			buildConfigurations = (
				0BF91B002542058D001A9031 /* Debug */,
				0BF91B012542058D001A9031 /* Release */,
			);
			defaultConfigurationIsVisible = 0;
			defaultConfigurationName = Release;
		};
		0BF91B022542058D001A9031 /* Build configuration list for PBXNativeTarget "PSKNodeServer" */ = {
			isa = XCConfigurationList;
			buildConfigurations = (
				0BF91B032542058D001A9031 /* Debug */,
				0BF91B042542058D001A9031 /* Release */,
			);
			defaultConfigurationIsVisible = 0;
			defaultConfigurationName = Release;
		};
/* End XCConfigurationList section */
	};
	rootObject = 0BF91AE62542058A001A9031 /* Project object */;
}
