// !$*UTF8*$!
{
	archiveVersion = 1;
	classes = {
	};
	objectVersion = 50;
	objects = {

/* Begin PBXBuildFile section */
		0B2F7EA32593F9C900983BEE /* ViewController.swift in Sources */ = {isa = PBXBuildFile; fileRef = 0B2F62462593F9A000983BEE /* ViewController.swift */; };
		0B2F95712593F9D600983BEE /* CodeScannerViewController.swift in Sources */ = {isa = PBXBuildFile; fileRef = 0B2F7E972593F9C800983BEE /* CodeScannerViewController.swift */; };
		0B2F95722593F9D600983BEE /* DataMatrixScan.swift in Sources */ = {isa = PBXBuildFile; fileRef = 0B2F7E982593F9C800983BEE /* DataMatrixScan.swift */; };
		0B2F95732593F9D600983BEE /* AppDelegate.swift in Sources */ = {isa = PBXBuildFile; fileRef = 0B2F7E992593F9C800983BEE /* AppDelegate.swift */; };
		0B2F95742593F9D600983BEE /* NodeRunner.mm in Sources */ = {isa = PBXBuildFile; fileRef = 0B2F7E9B2593F9C800983BEE /* NodeRunner.mm */; };
		0B2F957A2593FCBE00983BEE /* GCDWebServers.framework in Frameworks */ = {isa = PBXBuildFile; fileRef = 0B2F7EA02593F9C800983BEE /* GCDWebServers.framework */; };
		0B2F957B2593FCBE00983BEE /* GCDWebServers.framework in Embed Frameworks */ = {isa = PBXBuildFile; fileRef = 0B2F7EA02593F9C800983BEE /* GCDWebServers.framework */; settings = {ATTRIBUTES = (CodeSignOnCopy, RemoveHeadersOnCopy, ); }; };
		0B2F957C2593FCC000983BEE /* NodeMobile.framework in Frameworks */ = {isa = PBXBuildFile; fileRef = 0B2F7E9E2593F9C800983BEE /* NodeMobile.framework */; };
		0B2F957D2593FCC000983BEE /* NodeMobile.framework in Embed Frameworks */ = {isa = PBXBuildFile; fileRef = 0B2F7E9E2593F9C800983BEE /* NodeMobile.framework */; settings = {ATTRIBUTES = (CodeSignOnCopy, RemoveHeadersOnCopy, ); }; };
		0B2F957E2593FCC200983BEE /* PSSmartWalletNativeLayer.framework in Frameworks */ = {isa = PBXBuildFile; fileRef = 0B2F7E9F2593F9C800983BEE /* PSSmartWalletNativeLayer.framework */; };
		0B2F957F2593FCC200983BEE /* PSSmartWalletNativeLayer.framework in Embed Frameworks */ = {isa = PBXBuildFile; fileRef = 0B2F7E9F2593F9C800983BEE /* PSSmartWalletNativeLayer.framework */; settings = {ATTRIBUTES = (CodeSignOnCopy, RemoveHeadersOnCopy, ); }; };
		0B2F95852593FDF200983BEE /* Assets.xcassets in Resources */ = {isa = PBXBuildFile; fileRef = 0B2F76B92593F9BA00983BEE /* Assets.xcassets */; };
		0B2F95862593FDF200983BEE /* LaunchScreen.storyboard in Resources */ = {isa = PBXBuildFile; fileRef = 0B2F76BB2593F9BA00983BEE /* LaunchScreen.storyboard */; };
		0B2F95872593FDF200983BEE /* Main.storyboard in Resources */ = {isa = PBXBuildFile; fileRef = 0B2F76BD2593F9BA00983BEE /* Main.storyboard */; };
		0B2F95B22594063300983BEE /* SceneDelegate.swift in Sources */ = {isa = PBXBuildFile; fileRef = 0B2F95B12594063300983BEE /* SceneDelegate.swift */; };
		0BBAE40F25A498750093E97C /* CodeScannerSoundFile.swift in Sources */ = {isa = PBXBuildFile; fileRef = 0BBAE40E25A498750093E97C /* CodeScannerSoundFile.swift */; };
		0BBAE43625A4C5760093E97C /* NibInstanceView.swift in Sources */ = {isa = PBXBuildFile; fileRef = 0BBAE42E25A4C5760093E97C /* NibInstanceView.swift */; };
		0BBAE43725A4C5760093E97C /* LineAnimationView.swift in Sources */ = {isa = PBXBuildFile; fileRef = 0BBAE42F25A4C5760093E97C /* LineAnimationView.swift */; };
		0BBAE43825A4C5760093E97C /* ScannerFocusView.swift in Sources */ = {isa = PBXBuildFile; fileRef = 0BBAE43125A4C5760093E97C /* ScannerFocusView.swift */; };
		0BBAE43925A4C5760093E97C /* ScannerFocusView.xib in Resources */ = {isa = PBXBuildFile; fileRef = 0BBAE43225A4C5760093E97C /* ScannerFocusView.xib */; };
		0BBAE43A25A4C5760093E97C /* MaskView.swift in Sources */ = {isa = PBXBuildFile; fileRef = 0BBAE43325A4C5760093E97C /* MaskView.swift */; };
		0BBAE43B25A4C5760093E97C /* ScannerAnimationView.xib in Resources */ = {isa = PBXBuildFile; fileRef = 0BBAE43425A4C5760093E97C /* ScannerAnimationView.xib */; };
		0BBAE43C25A4C5760093E97C /* ScannerAnimationView.swift in Sources */ = {isa = PBXBuildFile; fileRef = 0BBAE43525A4C5760093E97C /* ScannerAnimationView.swift */; };
		0BC9553E25B1A19700522101 /* UIView+Extensions.swift in Sources */ = {isa = PBXBuildFile; fileRef = 0BC9553D25B1A19700522101 /* UIView+Extensions.swift */; };
		0BC9554025B1A44800522101 /* String+localized.swift in Sources */ = {isa = PBXBuildFile; fileRef = 0BC9553F25B1A44800522101 /* String+localized.swift */; };
		0BCFE08E25A5AA5A003F7BC2 /* PSKWebViewHostView.swift in Sources */ = {isa = PBXBuildFile; fileRef = 0BCFE08D25A5AA5A003F7BC2 /* PSKWebViewHostView.swift */; };
		0BCFE09C25ACDAAE003F7BC2 /* Configuration.swift in Sources */ = {isa = PBXBuildFile; fileRef = 0BCFE09B25ACDAAE003F7BC2 /* Configuration.swift */; };
		0BCFE09F25ACF339003F7BC2 /* UIColor+HexString.swift in Sources */ = {isa = PBXBuildFile; fileRef = 0BCFE09E25ACF339003F7BC2 /* UIColor+HexString.swift */; };
		0BCFE0A225AD0011003F7BC2 /* AppConfig.json in Resources */ = {isa = PBXBuildFile; fileRef = 0BCFE0A125AD0011003F7BC2 /* AppConfig.json */; };
		0BCFE0A725AD9BCE003F7BC2 /* UIAlertController+Extensions.swift in Sources */ = {isa = PBXBuildFile; fileRef = 0BCFE0A625AD9BCE003F7BC2 /* UIAlertController+Extensions.swift */; };
		0BCFE0AF25AD9DA4003F7BC2 /* Localizable.strings in Resources */ = {isa = PBXBuildFile; fileRef = 0BCFE0AD25AD9DA4003F7BC2 /* Localizable.strings */; };
		0BCFE0B725B0975E003F7BC2 /* ApplicationCore.swift in Sources */ = {isa = PBXBuildFile; fileRef = 0BCFE0B625B0975E003F7BC2 /* ApplicationCore.swift */; };
		0BD719FC259C6B8E00151CB9 /* NetworkUtilities.swift in Sources */ = {isa = PBXBuildFile; fileRef = 0BD719FB259C6B8E00151CB9 /* NetworkUtilities.swift */; };
		0BD719FF259C98FE00151CB9 /* CodeScannerViewController.xib in Resources */ = {isa = PBXBuildFile; fileRef = 0BD719FE259C98FE00151CB9 /* CodeScannerViewController.xib */; };
		0BFBD24F259518ED009EACAF /* nodejsProject in Resources */ = {isa = PBXBuildFile; fileRef = 0BFBD24E259518ED009EACAF /* nodejsProject */; };
/* End PBXBuildFile section */

/* Begin PBXCopyFilesBuildPhase section */
		0BF91B0E2542186E001A9031 /* Embed Frameworks */ = {
			isa = PBXCopyFilesBuildPhase;
			buildActionMask = 2147483647;
			dstPath = "";
			dstSubfolderSpec = 10;
			files = (
				0B2F957F2593FCC200983BEE /* PSSmartWalletNativeLayer.framework in Embed Frameworks */,
				0B2F957D2593FCC000983BEE /* NodeMobile.framework in Embed Frameworks */,
				0B2F957B2593FCBE00983BEE /* GCDWebServers.framework in Embed Frameworks */,
			);
			name = "Embed Frameworks";
			runOnlyForDeploymentPostprocessing = 0;
		};
/* End PBXCopyFilesBuildPhase section */

/* Begin PBXFileReference section */
		0B2F62462593F9A000983BEE /* ViewController.swift */ = {isa = PBXFileReference; fileEncoding = 4; lastKnownFileType = sourcecode.swift; path = ViewController.swift; sourceTree = "<group>"; };
		0B2F76A92593F9BA00983BEE /* PSKNodeServer-Bridging-Header.h */ = {isa = PBXFileReference; fileEncoding = 4; lastKnownFileType = sourcecode.c.h; path = "PSKNodeServer-Bridging-Header.h"; sourceTree = "<group>"; };
		0B2F76B92593F9BA00983BEE /* Assets.xcassets */ = {isa = PBXFileReference; lastKnownFileType = folder.assetcatalog; path = Assets.xcassets; sourceTree = "<group>"; };
		0B2F76BC2593F9BA00983BEE /* Base */ = {isa = PBXFileReference; lastKnownFileType = file.storyboard; name = Base; path = Base.lproj/LaunchScreen.storyboard; sourceTree = "<group>"; };
		0B2F76BE2593F9BA00983BEE /* Base */ = {isa = PBXFileReference; lastKnownFileType = file.storyboard; name = Base; path = Base.lproj/Main.storyboard; sourceTree = "<group>"; };
		0B2F7E972593F9C800983BEE /* CodeScannerViewController.swift */ = {isa = PBXFileReference; fileEncoding = 4; lastKnownFileType = sourcecode.swift; path = CodeScannerViewController.swift; sourceTree = "<group>"; };
		0B2F7E982593F9C800983BEE /* DataMatrixScan.swift */ = {isa = PBXFileReference; fileEncoding = 4; lastKnownFileType = sourcecode.swift; path = DataMatrixScan.swift; sourceTree = "<group>"; };
		0B2F7E992593F9C800983BEE /* AppDelegate.swift */ = {isa = PBXFileReference; fileEncoding = 4; lastKnownFileType = sourcecode.swift; path = AppDelegate.swift; sourceTree = "<group>"; };
		0B2F7E9B2593F9C800983BEE /* NodeRunner.mm */ = {isa = PBXFileReference; fileEncoding = 4; lastKnownFileType = sourcecode.cpp.objcpp; path = NodeRunner.mm; sourceTree = "<group>"; };
		0B2F7E9C2593F9C800983BEE /* NodeRunner.h */ = {isa = PBXFileReference; fileEncoding = 4; lastKnownFileType = sourcecode.c.h; path = NodeRunner.h; sourceTree = "<group>"; };
		0B2F7E9E2593F9C800983BEE /* NodeMobile.framework */ = {isa = PBXFileReference; lastKnownFileType = wrapper.framework; path = NodeMobile.framework; sourceTree = "<group>"; };
		0B2F7E9F2593F9C800983BEE /* PSSmartWalletNativeLayer.framework */ = {isa = PBXFileReference; lastKnownFileType = wrapper.framework; path = PSSmartWalletNativeLayer.framework; sourceTree = "<group>"; };
		0B2F7EA02593F9C800983BEE /* GCDWebServers.framework */ = {isa = PBXFileReference; lastKnownFileType = wrapper.framework; path = GCDWebServers.framework; sourceTree = "<group>"; };
		0B2F7EA12593F9C800983BEE /* Info.plist */ = {isa = PBXFileReference; fileEncoding = 4; lastKnownFileType = text.plist.xml; path = Info.plist; sourceTree = "<group>"; };
		0B2F95B12594063300983BEE /* SceneDelegate.swift */ = {isa = PBXFileReference; fileEncoding = 4; lastKnownFileType = sourcecode.swift; path = SceneDelegate.swift; sourceTree = "<group>"; };
		0BBAE40E25A498750093E97C /* CodeScannerSoundFile.swift */ = {isa = PBXFileReference; lastKnownFileType = sourcecode.swift; path = CodeScannerSoundFile.swift; sourceTree = "<group>"; };
		0BBAE42E25A4C5760093E97C /* NibInstanceView.swift */ = {isa = PBXFileReference; fileEncoding = 4; lastKnownFileType = sourcecode.swift; path = NibInstanceView.swift; sourceTree = "<group>"; };
		0BBAE42F25A4C5760093E97C /* LineAnimationView.swift */ = {isa = PBXFileReference; fileEncoding = 4; lastKnownFileType = sourcecode.swift; path = LineAnimationView.swift; sourceTree = "<group>"; };
		0BBAE43125A4C5760093E97C /* ScannerFocusView.swift */ = {isa = PBXFileReference; fileEncoding = 4; lastKnownFileType = sourcecode.swift; path = ScannerFocusView.swift; sourceTree = "<group>"; };
		0BBAE43225A4C5760093E97C /* ScannerFocusView.xib */ = {isa = PBXFileReference; fileEncoding = 4; lastKnownFileType = file.xib; path = ScannerFocusView.xib; sourceTree = "<group>"; };
		0BBAE43325A4C5760093E97C /* MaskView.swift */ = {isa = PBXFileReference; fileEncoding = 4; lastKnownFileType = sourcecode.swift; path = MaskView.swift; sourceTree = "<group>"; };
		0BBAE43425A4C5760093E97C /* ScannerAnimationView.xib */ = {isa = PBXFileReference; fileEncoding = 4; lastKnownFileType = file.xib; path = ScannerAnimationView.xib; sourceTree = "<group>"; };
		0BBAE43525A4C5760093E97C /* ScannerAnimationView.swift */ = {isa = PBXFileReference; fileEncoding = 4; lastKnownFileType = sourcecode.swift; path = ScannerAnimationView.swift; sourceTree = "<group>"; };
		0BC9553D25B1A19700522101 /* UIView+Extensions.swift */ = {isa = PBXFileReference; lastKnownFileType = sourcecode.swift; path = "UIView+Extensions.swift"; sourceTree = "<group>"; };
		0BC9553F25B1A44800522101 /* String+localized.swift */ = {isa = PBXFileReference; lastKnownFileType = sourcecode.swift; path = "String+localized.swift"; sourceTree = "<group>"; };
		0BCFE08D25A5AA5A003F7BC2 /* PSKWebViewHostView.swift */ = {isa = PBXFileReference; lastKnownFileType = sourcecode.swift; path = PSKWebViewHostView.swift; sourceTree = "<group>"; };
		0BCFE09B25ACDAAE003F7BC2 /* Configuration.swift */ = {isa = PBXFileReference; lastKnownFileType = sourcecode.swift; path = Configuration.swift; sourceTree = "<group>"; };
		0BCFE09E25ACF339003F7BC2 /* UIColor+HexString.swift */ = {isa = PBXFileReference; lastKnownFileType = sourcecode.swift; path = "UIColor+HexString.swift"; sourceTree = "<group>"; };
		0BCFE0A125AD0011003F7BC2 /* AppConfig.json */ = {isa = PBXFileReference; lastKnownFileType = text.json; path = AppConfig.json; sourceTree = "<group>"; };
		0BCFE0A325AD138B003F7BC2 /* BuildConfig.xcconfig */ = {isa = PBXFileReference; lastKnownFileType = text.xcconfig; path = BuildConfig.xcconfig; sourceTree = "<group>"; };
		0BCFE0A625AD9BCE003F7BC2 /* UIAlertController+Extensions.swift */ = {isa = PBXFileReference; lastKnownFileType = sourcecode.swift; path = "UIAlertController+Extensions.swift"; sourceTree = "<group>"; };
		0BCFE0AE25AD9DA4003F7BC2 /* Base */ = {isa = PBXFileReference; lastKnownFileType = text.plist.strings; name = Base; path = PSKNodeServer/Base.lproj/Localizable.strings; sourceTree = "<group>"; };
		0BCFE0B625B0975E003F7BC2 /* ApplicationCore.swift */ = {isa = PBXFileReference; lastKnownFileType = sourcecode.swift; path = ApplicationCore.swift; sourceTree = "<group>"; };
		0BD719FB259C6B8E00151CB9 /* NetworkUtilities.swift */ = {isa = PBXFileReference; lastKnownFileType = sourcecode.swift; path = NetworkUtilities.swift; sourceTree = "<group>"; };
		0BD719FE259C98FE00151CB9 /* CodeScannerViewController.xib */ = {isa = PBXFileReference; lastKnownFileType = file.xib; path = CodeScannerViewController.xib; sourceTree = "<group>"; };
		0BF91AEE2542058A001A9031 /* Pharma Ledger.app */ = {isa = PBXFileReference; explicitFileType = wrapper.application; includeInIndex = 0; name = "Pharma Ledger.app"; path = EPI.app; sourceTree = BUILT_PRODUCTS_DIR; };
		0BFBD24E259518ED009EACAF /* nodejsProject */ = {isa = PBXFileReference; lastKnownFileType = folder; path = nodejsProject; sourceTree = "<group>"; };
/* End PBXFileReference section */

/* Begin PBXFrameworksBuildPhase section */
		0BF91AEB2542058A001A9031 /* Frameworks */ = {
			isa = PBXFrameworksBuildPhase;
			buildActionMask = 2147483647;
			files = (
				0B2F957E2593FCC200983BEE /* PSSmartWalletNativeLayer.framework in Frameworks */,
				0B2F957A2593FCBE00983BEE /* GCDWebServers.framework in Frameworks */,
				0B2F957C2593FCC000983BEE /* NodeMobile.framework in Frameworks */,
			);
			runOnlyForDeploymentPostprocessing = 0;
		};
/* End PBXFrameworksBuildPhase section */

/* Begin PBXGroup section */
		0B2F62452593F9A000983BEE /* PSKNodeServer */ = {
			isa = PBXGroup;
			children = (
				0BFBD24E259518ED009EACAF /* nodejsProject */,
				0BCFE0A025ACFFEA003F7BC2 /* Resources */,
				0BCFE08C25A5AA49003F7BC2 /* Views */,
				0BD719F8259C6A9900151CB9 /* Core */,
				0B2F7E9A2593F9C800983BEE /* NodeRunner */,
				0B2F7E952593F9C700983BEE /* API */,
				0B2F62462593F9A000983BEE /* ViewController.swift */,
				0B2F95B12594063300983BEE /* SceneDelegate.swift */,
				0B2F7E992593F9C800983BEE /* AppDelegate.swift */,
				0B2F76A92593F9BA00983BEE /* PSKNodeServer-Bridging-Header.h */,
				0B2F76B92593F9BA00983BEE /* Assets.xcassets */,
				0B2F76BB2593F9BA00983BEE /* LaunchScreen.storyboard */,
				0B2F76BD2593F9BA00983BEE /* Main.storyboard */,
				0BCFE0AD25AD9DA4003F7BC2 /* Localizable.strings */,
				0B2F7E9D2593F9C800983BEE /* Frameworks */,
				0B2F7EA12593F9C800983BEE /* Info.plist */,
			);
			path = PSKNodeServer;
			sourceTree = "<group>";
		};
		0B2F7E952593F9C700983BEE /* API */ = {
			isa = PBXGroup;
			children = (
				0B2F7E962593F9C800983BEE /* DataMatrixScan */,
			);
			path = API;
			sourceTree = "<group>";
		};
		0B2F7E962593F9C800983BEE /* DataMatrixScan */ = {
			isa = PBXGroup;
			children = (
				0BD719FD259C976900151CB9 /* CodeScannerViewController */,
				0B2F7E982593F9C800983BEE /* DataMatrixScan.swift */,
			);
			path = DataMatrixScan;
			sourceTree = "<group>";
		};
		0B2F7E9A2593F9C800983BEE /* NodeRunner */ = {
			isa = PBXGroup;
			children = (
				0B2F7E9B2593F9C800983BEE /* NodeRunner.mm */,
				0B2F7E9C2593F9C800983BEE /* NodeRunner.h */,
			);
			path = NodeRunner;
			sourceTree = "<group>";
		};
		0B2F7E9D2593F9C800983BEE /* Frameworks */ = {
			isa = PBXGroup;
			children = (
				0B2F7E9E2593F9C800983BEE /* NodeMobile.framework */,
				0B2F7E9F2593F9C800983BEE /* PSSmartWalletNativeLayer.framework */,
				0B2F7EA02593F9C800983BEE /* GCDWebServers.framework */,
			);
			path = Frameworks;
			sourceTree = "<group>";
		};
		0B77D9BB2545F100006E0CC3 /* Frameworks */ = {
			isa = PBXGroup;
			children = (
			);
			name = Frameworks;
			sourceTree = "<group>";
		};
		0BBAE42B25A4C5760093E97C /* CustomViews */ = {
			isa = PBXGroup;
			children = (
				0BBAE42C25A4C5760093E97C /* ScannerAnimationView */,
			);
			path = CustomViews;
			sourceTree = "<group>";
		};
		0BBAE42C25A4C5760093E97C /* ScannerAnimationView */ = {
			isa = PBXGroup;
			children = (
				0BBAE42D25A4C5760093E97C /* UtilityViews */,
				0BBAE43425A4C5760093E97C /* ScannerAnimationView.xib */,
				0BBAE43525A4C5760093E97C /* ScannerAnimationView.swift */,
			);
			path = ScannerAnimationView;
			sourceTree = "<group>";
		};
		0BBAE42D25A4C5760093E97C /* UtilityViews */ = {
			isa = PBXGroup;
			children = (
				0BBAE42E25A4C5760093E97C /* NibInstanceView.swift */,
				0BBAE42F25A4C5760093E97C /* LineAnimationView.swift */,
				0BBAE43025A4C5760093E97C /* ScannerFocusView */,
				0BBAE43325A4C5760093E97C /* MaskView.swift */,
			);
			path = UtilityViews;
			sourceTree = "<group>";
		};
		0BBAE43025A4C5760093E97C /* ScannerFocusView */ = {
			isa = PBXGroup;
			children = (
				0BBAE43125A4C5760093E97C /* ScannerFocusView.swift */,
				0BBAE43225A4C5760093E97C /* ScannerFocusView.xib */,
			);
			path = ScannerFocusView;
			sourceTree = "<group>";
		};
		0BCFE08C25A5AA49003F7BC2 /* Views */ = {
			isa = PBXGroup;
			children = (
				0BCFE08D25A5AA5A003F7BC2 /* PSKWebViewHostView.swift */,
			);
			path = Views;
			sourceTree = "<group>";
		};
		0BCFE09D25ACF328003F7BC2 /* Utilities */ = {
			isa = PBXGroup;
			children = (
				0BD719FB259C6B8E00151CB9 /* NetworkUtilities.swift */,
				0BCFE09E25ACF339003F7BC2 /* UIColor+HexString.swift */,
				0BCFE0A625AD9BCE003F7BC2 /* UIAlertController+Extensions.swift */,
				0BC9553D25B1A19700522101 /* UIView+Extensions.swift */,
				0BC9553F25B1A44800522101 /* String+localized.swift */,
			);
			path = Utilities;
			sourceTree = "<group>";
		};
		0BCFE0A025ACFFEA003F7BC2 /* Resources */ = {
			isa = PBXGroup;
			children = (
				0BCFE0A125AD0011003F7BC2 /* AppConfig.json */,
				0BCFE0A325AD138B003F7BC2 /* BuildConfig.xcconfig */,
			);
			path = Resources;
			sourceTree = "<group>";
		};
		0BD719F8259C6A9900151CB9 /* Core */ = {
			isa = PBXGroup;
			children = (
				0BCFE09D25ACF328003F7BC2 /* Utilities */,
				0BCFE09B25ACDAAE003F7BC2 /* Configuration.swift */,
				0BCFE0B625B0975E003F7BC2 /* ApplicationCore.swift */,
			);
			path = Core;
			sourceTree = "<group>";
		};
		0BD719FD259C976900151CB9 /* CodeScannerViewController */ = {
			isa = PBXGroup;
			children = (
				0BBAE42B25A4C5760093E97C /* CustomViews */,
				0B2F7E972593F9C800983BEE /* CodeScannerViewController.swift */,
				0BD719FE259C98FE00151CB9 /* CodeScannerViewController.xib */,
				0BBAE40E25A498750093E97C /* CodeScannerSoundFile.swift */,
			);
			path = CodeScannerViewController;
			sourceTree = "<group>";
		};
		0BF91AE52542058A001A9031 = {
			isa = PBXGroup;
			children = (
				0B2F62452593F9A000983BEE /* PSKNodeServer */,
				0BF91AEF2542058A001A9031 /* Products */,
				0B77D9BB2545F100006E0CC3 /* Frameworks */,
			);
			sourceTree = "<group>";
		};
		0BF91AEF2542058A001A9031 /* Products */ = {
			isa = PBXGroup;
			children = (
				0BF91AEE2542058A001A9031 /* Pharma Ledger.app */,
			);
			name = Products;
			sourceTree = "<group>";
		};
/* End PBXGroup section */

/* Begin PBXNativeTarget section */
		0BF91AED2542058A001A9031 /* PSKNodeServer */ = {
			isa = PBXNativeTarget;
			buildConfigurationList = 0BF91B022542058D001A9031 /* Build configuration list for PBXNativeTarget "PSKNodeServer" */;
			buildPhases = (
				0BF91AEA2542058A001A9031 /* Sources */,
				0BF91AEB2542058A001A9031 /* Frameworks */,
				0BF91B0E2542186E001A9031 /* Embed Frameworks */,
				0B2F95842593FDE400983BEE /* Resources */,
			);
			buildRules = (
			);
			dependencies = (
			);
			name = PSKNodeServer;
			productName = PSSmartWalletNativeLayerDemo;
			productReference = 0BF91AEE2542058A001A9031 /* Pharma Ledger.app */;
			productType = "com.apple.product-type.application";
		};
/* End PBXNativeTarget section */

/* Begin PBXProject section */
		0BF91AE62542058A001A9031 /* Project object */ = {
			isa = PBXProject;
			attributes = {
				LastSwiftUpdateCheck = 1200;
				LastUpgradeCheck = 1200;
				TargetAttributes = {
					0BF91AED2542058A001A9031 = {
						CreatedOnToolsVersion = 12.0;
						LastSwiftMigration = 1200;
					};
				};
			};
			buildConfigurationList = 0BF91AE92542058A001A9031 /* Build configuration list for PBXProject "PSKNodeServer" */;
			compatibilityVersion = "Xcode 9.3";
			developmentRegion = en;
			hasScannedForEncodings = 0;
			knownRegions = (
				en,
				Base,
			);
			mainGroup = 0BF91AE52542058A001A9031;
			productRefGroup = 0BF91AEF2542058A001A9031 /* Products */;
			projectDirPath = "";
			projectRoot = "";
			targets = (
				0BF91AED2542058A001A9031 /* PSKNodeServer */,
			);
		};
/* End PBXProject section */

/* Begin PBXResourcesBuildPhase section */
		0B2F95842593FDE400983BEE /* Resources */ = {
			isa = PBXResourcesBuildPhase;
			buildActionMask = 2147483647;
			files = (
				0BBAE43925A4C5760093E97C /* ScannerFocusView.xib in Resources */,
				0BCFE0A225AD0011003F7BC2 /* AppConfig.json in Resources */,
				0BFBD24F259518ED009EACAF /* nodejsProject in Resources */,
				0B2F95852593FDF200983BEE /* Assets.xcassets in Resources */,
				0BCFE0AF25AD9DA4003F7BC2 /* Localizable.strings in Resources */,
				0B2F95862593FDF200983BEE /* LaunchScreen.storyboard in Resources */,
				0BD719FF259C98FE00151CB9 /* CodeScannerViewController.xib in Resources */,
				0BBAE43B25A4C5760093E97C /* ScannerAnimationView.xib in Resources */,
				0B2F95872593FDF200983BEE /* Main.storyboard in Resources */,
			);
			runOnlyForDeploymentPostprocessing = 0;
		};
/* End PBXResourcesBuildPhase section */

/* Begin PBXSourcesBuildPhase section */
		0BF91AEA2542058A001A9031 /* Sources */ = {
			isa = PBXSourcesBuildPhase;
			buildActionMask = 2147483647;
			files = (
				0BCFE0A725AD9BCE003F7BC2 /* UIAlertController+Extensions.swift in Sources */,
				0B2F95722593F9D600983BEE /* DataMatrixScan.swift in Sources */,
				0BC9554025B1A44800522101 /* String+localized.swift in Sources */,
				0B2F95732593F9D600983BEE /* AppDelegate.swift in Sources */,
				0BBAE43825A4C5760093E97C /* ScannerFocusView.swift in Sources */,
				0BBAE43C25A4C5760093E97C /* ScannerAnimationView.swift in Sources */,
				0BBAE40F25A498750093E97C /* CodeScannerSoundFile.swift in Sources */,
				0BD719FC259C6B8E00151CB9 /* NetworkUtilities.swift in Sources */,
				0BCFE09F25ACF339003F7BC2 /* UIColor+HexString.swift in Sources */,
				0BCFE09C25ACDAAE003F7BC2 /* Configuration.swift in Sources */,
				0BCFE0B725B0975E003F7BC2 /* ApplicationCore.swift in Sources */,
				0BCFE08E25A5AA5A003F7BC2 /* PSKWebViewHostView.swift in Sources */,
				0B2F95712593F9D600983BEE /* CodeScannerViewController.swift in Sources */,
				0BC9553E25B1A19700522101 /* UIView+Extensions.swift in Sources */,
				0BBAE43725A4C5760093E97C /* LineAnimationView.swift in Sources */,
				0B2F7EA32593F9C900983BEE /* ViewController.swift in Sources */,
				0BBAE43A25A4C5760093E97C /* MaskView.swift in Sources */,
				0B2F95742593F9D600983BEE /* NodeRunner.mm in Sources */,
				0BBAE43625A4C5760093E97C /* NibInstanceView.swift in Sources */,
				0B2F95B22594063300983BEE /* SceneDelegate.swift in Sources */,
			);
			runOnlyForDeploymentPostprocessing = 0;
		};
/* End PBXSourcesBuildPhase section */

/* Begin PBXVariantGroup section */
		0B2F76BB2593F9BA00983BEE /* LaunchScreen.storyboard */ = {
			isa = PBXVariantGroup;
			children = (
				0B2F76BC2593F9BA00983BEE /* Base */,
			);
			name = LaunchScreen.storyboard;
			sourceTree = "<group>";
		};
		0B2F76BD2593F9BA00983BEE /* Main.storyboard */ = {
			isa = PBXVariantGroup;
			children = (
				0B2F76BE2593F9BA00983BEE /* Base */,
			);
			name = Main.storyboard;
			sourceTree = "<group>";
		};
		0BCFE0AD25AD9DA4003F7BC2 /* Localizable.strings */ = {
			isa = PBXVariantGroup;
			children = (
				0BCFE0AE25AD9DA4003F7BC2 /* Base */,
			);
			name = Localizable.strings;
			sourceTree = "<group>";
		};
/* End PBXVariantGroup section */

/* Begin XCBuildConfiguration section */
		0BF91B002542058D001A9031 /* Debug */ = {
			isa = XCBuildConfiguration;
			baseConfigurationReference = 0BCFE0A325AD138B003F7BC2 /* BuildConfig.xcconfig */;
			buildSettings = {
				ALWAYS_SEARCH_USER_PATHS = NO;
				CLANG_ANALYZER_NONNULL = YES;
				CLANG_ANALYZER_NUMBER_OBJECT_CONVERSION = YES_AGGRESSIVE;
				CLANG_CXX_LANGUAGE_STANDARD = "gnu++14";
				CLANG_CXX_LIBRARY = "libc++";
				CLANG_ENABLE_MODULES = YES;
				CLANG_ENABLE_OBJC_ARC = YES;
				CLANG_ENABLE_OBJC_WEAK = YES;
				CLANG_WARN_BLOCK_CAPTURE_AUTORELEASING = YES;
				CLANG_WARN_BOOL_CONVERSION = YES;
				CLANG_WARN_COMMA = YES;
				CLANG_WARN_CONSTANT_CONVERSION = YES;
				CLANG_WARN_DEPRECATED_OBJC_IMPLEMENTATIONS = YES;
				CLANG_WARN_DIRECT_OBJC_ISA_USAGE = YES_ERROR;
				CLANG_WARN_DOCUMENTATION_COMMENTS = YES;
				CLANG_WARN_EMPTY_BODY = YES;
				CLANG_WARN_ENUM_CONVERSION = YES;
				CLANG_WARN_INFINITE_RECURSION = YES;
				CLANG_WARN_INT_CONVERSION = YES;
				CLANG_WARN_NON_LITERAL_NULL_CONVERSION = YES;
				CLANG_WARN_OBJC_IMPLICIT_RETAIN_SELF = YES;
				CLANG_WARN_OBJC_LITERAL_CONVERSION = YES;
				CLANG_WARN_OBJC_ROOT_CLASS = YES_ERROR;
				CLANG_WARN_QUOTED_INCLUDE_IN_FRAMEWORK_HEADER = YES;
				CLANG_WARN_RANGE_LOOP_ANALYSIS = YES;
				CLANG_WARN_STRICT_PROTOTYPES = YES;
				CLANG_WARN_SUSPICIOUS_MOVE = YES;
				CLANG_WARN_UNGUARDED_AVAILABILITY = YES_AGGRESSIVE;
				CLANG_WARN_UNREACHABLE_CODE = YES;
				CLANG_WARN__DUPLICATE_METHOD_MATCH = YES;
				COPY_PHASE_STRIP = NO;
				DEBUG_INFORMATION_FORMAT = dwarf;
				ENABLE_STRICT_OBJC_MSGSEND = YES;
				ENABLE_TESTABILITY = YES;
				GCC_C_LANGUAGE_STANDARD = gnu11;
				GCC_DYNAMIC_NO_PIC = NO;
				GCC_NO_COMMON_BLOCKS = YES;
				GCC_OPTIMIZATION_LEVEL = 0;
				GCC_PREPROCESSOR_DEFINITIONS = (
					"DEBUG=1",
					"$(inherited)",
				);
				GCC_WARN_64_TO_32_BIT_CONVERSION = YES;
				GCC_WARN_ABOUT_RETURN_TYPE = YES_ERROR;
				GCC_WARN_UNDECLARED_SELECTOR = YES;
				GCC_WARN_UNINITIALIZED_AUTOS = YES_AGGRESSIVE;
				GCC_WARN_UNUSED_FUNCTION = YES;
				GCC_WARN_UNUSED_VARIABLE = YES;
				IPHONEOS_DEPLOYMENT_TARGET = 14.0;
				MTL_ENABLE_DEBUG_INFO = INCLUDE_SOURCE;
				MTL_FAST_MATH = YES;
				ONLY_ACTIVE_ARCH = YES;
				SDKROOT = iphoneos;
				SWIFT_ACTIVE_COMPILATION_CONDITIONS = DEBUG;
				SWIFT_OPTIMIZATION_LEVEL = "-Onone";
			};
			name = Debug;
		};
		0BF91B012542058D001A9031 /* Release */ = {
			isa = XCBuildConfiguration;
			baseConfigurationReference = 0BCFE0A325AD138B003F7BC2 /* BuildConfig.xcconfig */;
			buildSettings = {
				ALWAYS_SEARCH_USER_PATHS = NO;
				CLANG_ANALYZER_NONNULL = YES;
				CLANG_ANALYZER_NUMBER_OBJECT_CONVERSION = YES_AGGRESSIVE;
				CLANG_CXX_LANGUAGE_STANDARD = "gnu++14";
				CLANG_CXX_LIBRARY = "libc++";
				CLANG_ENABLE_MODULES = YES;
				CLANG_ENABLE_OBJC_ARC = YES;
				CLANG_ENABLE_OBJC_WEAK = YES;
				CLANG_WARN_BLOCK_CAPTURE_AUTORELEASING = YES;
				CLANG_WARN_BOOL_CONVERSION = YES;
				CLANG_WARN_COMMA = YES;
				CLANG_WARN_CONSTANT_CONVERSION = YES;
				CLANG_WARN_DEPRECATED_OBJC_IMPLEMENTATIONS = YES;
				CLANG_WARN_DIRECT_OBJC_ISA_USAGE = YES_ERROR;
				CLANG_WARN_DOCUMENTATION_COMMENTS = YES;
				CLANG_WARN_EMPTY_BODY = YES;
				CLANG_WARN_ENUM_CONVERSION = YES;
				CLANG_WARN_INFINITE_RECURSION = YES;
				CLANG_WARN_INT_CONVERSION = YES;
				CLANG_WARN_NON_LITERAL_NULL_CONVERSION = YES;
				CLANG_WARN_OBJC_IMPLICIT_RETAIN_SELF = YES;
				CLANG_WARN_OBJC_LITERAL_CONVERSION = YES;
				CLANG_WARN_OBJC_ROOT_CLASS = YES_ERROR;
				CLANG_WARN_QUOTED_INCLUDE_IN_FRAMEWORK_HEADER = YES;
				CLANG_WARN_RANGE_LOOP_ANALYSIS = YES;
				CLANG_WARN_STRICT_PROTOTYPES = YES;
				CLANG_WARN_SUSPICIOUS_MOVE = YES;
				CLANG_WARN_UNGUARDED_AVAILABILITY = YES_AGGRESSIVE;
				CLANG_WARN_UNREACHABLE_CODE = YES;
				CLANG_WARN__DUPLICATE_METHOD_MATCH = YES;
				COPY_PHASE_STRIP = NO;
				DEBUG_INFORMATION_FORMAT = "dwarf-with-dsym";
				ENABLE_NS_ASSERTIONS = NO;
				ENABLE_STRICT_OBJC_MSGSEND = YES;
				GCC_C_LANGUAGE_STANDARD = gnu11;
				GCC_NO_COMMON_BLOCKS = YES;
				GCC_WARN_64_TO_32_BIT_CONVERSION = YES;
				GCC_WARN_ABOUT_RETURN_TYPE = YES_ERROR;
				GCC_WARN_UNDECLARED_SELECTOR = YES;
				GCC_WARN_UNINITIALIZED_AUTOS = YES_AGGRESSIVE;
				GCC_WARN_UNUSED_FUNCTION = YES;
				GCC_WARN_UNUSED_VARIABLE = YES;
				IPHONEOS_DEPLOYMENT_TARGET = 14.0;
				MTL_ENABLE_DEBUG_INFO = NO;
				MTL_FAST_MATH = YES;
				SDKROOT = iphoneos;
				SWIFT_COMPILATION_MODE = wholemodule;
				SWIFT_OPTIMIZATION_LEVEL = "-O";
				VALIDATE_PRODUCT = YES;
			};
			name = Release;
		};
		0BF91B032542058D001A9031 /* Debug */ = {
			isa = XCBuildConfiguration;
			buildSettings = {
				ASSETCATALOG_COMPILER_APPICON_NAME = AppIcon;
				ASSETCATALOG_COMPILER_GLOBAL_ACCENT_COLOR_NAME = AccentColor;
				CLANG_ENABLE_MODULES = YES;
				CODE_SIGN_STYLE = Automatic;
				DEVELOPMENT_TEAM = D59ZVT6Y35;
				ENABLE_BITCODE = NO;
				FRAMEWORK_SEARCH_PATHS = (
					"$(inherited)",
					"$(PROJECT_DIR)/PSKNodeServer/",
					"$(PROJECT_DIR)/PSKNodeServer/Frameworks",
					"$(PROJECT_DIR)/PSKNodeServer/Frameworks",
				);
				INFOPLIST_FILE = PSKNodeServer/Info.plist;
				IPHONEOS_DEPLOYMENT_TARGET = 12.0;
				LD_RUNPATH_SEARCH_PATHS = (
					"$(inherited)",
					"@executable_path/Frameworks",
				);
				PRODUCT_BUNDLE_IDENTIFIER = intern.privatesky.iosEdge;
				PRODUCT_MODULE_NAME = "$(TARGET_NAME)";
				PRODUCT_NAME = "$(PRODUCT_NAME)";
				SWIFT_OBJC_BRIDGING_HEADER = "PSKNodeServer/PSKNodeServer-Bridging-Header.h";
				SWIFT_OPTIMIZATION_LEVEL = "-Onone";
				SWIFT_VERSION = 5.0;
				TARGETED_DEVICE_FAMILY = "1,2";
				VALIDATE_WORKSPACE = YES;
			};
			name = Debug;
		};
		0BF91B042542058D001A9031 /* Release */ = {
			isa = XCBuildConfiguration;
			buildSettings = {
				ASSETCATALOG_COMPILER_APPICON_NAME = AppIcon;
				ASSETCATALOG_COMPILER_GLOBAL_ACCENT_COLOR_NAME = AccentColor;
				CLANG_ENABLE_MODULES = YES;
				CODE_SIGN_STYLE = Manual;
				DEVELOPMENT_TEAM = "";
				ENABLE_BITCODE = NO;
				FRAMEWORK_SEARCH_PATHS = (
					"$(inherited)",
					"$(PROJECT_DIR)/PSKNodeServer/",
					"$(PROJECT_DIR)/PSKNodeServer/Frameworks",
					"$(PROJECT_DIR)/PSKNodeServer/Frameworks",
				);
				INFOPLIST_FILE = PSKNodeServer/Info.plist;
				IPHONEOS_DEPLOYMENT_TARGET = 12.0;
				LD_RUNPATH_SEARCH_PATHS = (
					"$(inherited)",
					"@executable_path/Frameworks",
				);
				PRODUCT_BUNDLE_IDENTIFIER = intern.PSSmartWalletNativeLayerDemo;
				PRODUCT_MODULE_NAME = "$(TARGET_NAME)";
				PRODUCT_NAME = "$(PRODUCT_NAME)";
				PROVISIONING_PROFILE_SPECIFIER = "";
				SWIFT_OBJC_BRIDGING_HEADER = "PSKNodeServer/PSKNodeServer-Bridging-Header.h";
				SWIFT_VERSION = 5.0;
				TARGETED_DEVICE_FAMILY = "1,2";
				VALIDATE_WORKSPACE = YES;
			};
			name = Release;
		};
/* End XCBuildConfiguration section */

/* Begin XCConfigurationList section */
		0BF91AE92542058A001A9031 /* Build configuration list for PBXProject "PSKNodeServer" */ = {
			isa = XCConfigurationList;
			buildConfigurations = (
				0BF91B002542058D001A9031 /* Debug */,
				0BF91B012542058D001A9031 /* Release */,
			);
			defaultConfigurationIsVisible = 0;
			defaultConfigurationName = Release;
		};
		0BF91B022542058D001A9031 /* Build configuration list for PBXNativeTarget "PSKNodeServer" */ = {
			isa = XCConfigurationList;
			buildConfigurations = (
				0BF91B032542058D001A9031 /* Debug */,
				0BF91B042542058D001A9031 /* Release */,
			);
			defaultConfigurationIsVisible = 0;
			defaultConfigurationName = Release;
		};
/* End XCConfigurationList section */
	};
	rootObject = 0BF91AE62542058A001A9031 /* Project object */;
}
