// !$*UTF8*$!
{
	archiveVersion = 1;
	classes = {
	};
	objectVersion = 52;
	objects = {

/* Begin PBXBuildFile section */
		D20B6E1026959326001F6876 /* PharmaLedger_Camera.framework in Frameworks */ = {isa = PBXBuildFile; fileRef = D20B6E0F2695930E001F6876 /* PharmaLedger_Camera.framework */; };
		D20B6E1126959326001F6876 /* PharmaLedger_Camera.framework in Embed Frameworks */ = {isa = PBXBuildFile; fileRef = D20B6E0F2695930E001F6876 /* PharmaLedger_Camera.framework */; settings = {ATTRIBUTES = (RemoveHeadersOnCopy, ); }; };
		D26E46AD27281D020073A25F /* GCDWebServers.xcframework in Frameworks */ = {isa = PBXBuildFile; fileRef = D21D97B6272706480064BF42 /* GCDWebServers.xcframework */; };
		D26E46AE27281D020073A25F /* GCDWebServers.xcframework in Embed Frameworks */ = {isa = PBXBuildFile; fileRef = D21D97B6272706480064BF42 /* GCDWebServers.xcframework */; settings = {ATTRIBUTES = (CodeSignOnCopy, RemoveHeadersOnCopy, ); }; };
		D2DA5A182693A6E1006B8C4E /* AppDelegate.swift in Sources */ = {isa = PBXBuildFile; fileRef = D2DA5A172693A6E1006B8C4E /* AppDelegate.swift */; };
		D2DA5A1A2693A6E1006B8C4E /* SceneDelegate.swift in Sources */ = {isa = PBXBuildFile; fileRef = D2DA5A192693A6E1006B8C4E /* SceneDelegate.swift */; };
		D2DA5A1C2693A6E1006B8C4E /* ContentView.swift in Sources */ = {isa = PBXBuildFile; fileRef = D2DA5A1B2693A6E1006B8C4E /* ContentView.swift */; };
		D2DA5A1E2693A6E2006B8C4E /* Assets.xcassets in Resources */ = {isa = PBXBuildFile; fileRef = D2DA5A1D2693A6E2006B8C4E /* Assets.xcassets */; };
		D2DA5A212693A6E2006B8C4E /* Preview Assets.xcassets in Resources */ = {isa = PBXBuildFile; fileRef = D2DA5A202693A6E2006B8C4E /* Preview Assets.xcassets */; };
		D2DA5A242693A6E2006B8C4E /* LaunchScreen.storyboard in Resources */ = {isa = PBXBuildFile; fileRef = D2DA5A222693A6E2006B8C4E /* LaunchScreen.storyboard */; };
		D2DA5A382693A804006B8C4E /* CameraWebViewController.swift in Sources */ = {isa = PBXBuildFile; fileRef = D2DA5A342693A804006B8C4E /* CameraWebViewController.swift */; };
		D2DA5A392693A804006B8C4E /* CameraWebView.swift in Sources */ = {isa = PBXBuildFile; fileRef = D2DA5A362693A804006B8C4E /* CameraWebView.swift */; };
		D2DA5A462693AB3F006B8C4E /* www in Resources */ = {isa = PBXBuildFile; fileRef = D2DA5A452693AB3F006B8C4E /* www */; };
/* End PBXBuildFile section */

/* Begin PBXContainerItemProxy section */
		D20B6E0E2695930E001F6876 /* PBXContainerItemProxy */ = {
			isa = PBXContainerItemProxy;
			containerPortal = D20B6E0A2695930E001F6876 /* PharmaLedger Camera.xcodeproj */;
			proxyType = 2;
			remoteGlobalIDString = B57070DD266DEC5700E917B2;
			remoteInfo = "PharmaLedger Camera";
		};
/* End PBXContainerItemProxy section */

/* Begin PBXCopyFilesBuildPhase section */
		D2DA5A402693A959006B8C4E /* Embed Frameworks */ = {
			isa = PBXCopyFilesBuildPhase;
			buildActionMask = 2147483647;
			dstPath = "";
			dstSubfolderSpec = 10;
			files = (
				D26E46AE27281D020073A25F /* GCDWebServers.xcframework in Embed Frameworks */,
				D20B6E1126959326001F6876 /* PharmaLedger_Camera.framework in Embed Frameworks */,
			);
			name = "Embed Frameworks";
			runOnlyForDeploymentPostprocessing = 0;
		};
/* End PBXCopyFilesBuildPhase section */

/* Begin PBXFileReference section */
		D20B6E0A2695930E001F6876 /* PharmaLedger Camera.xcodeproj */ = {isa = PBXFileReference; lastKnownFileType = "wrapper.pb-project"; name = "PharmaLedger Camera.xcodeproj"; path = "../PharmaLedger Camera/PharmaLedger Camera.xcodeproj"; sourceTree = "<group>"; };
		D21D97B6272706480064BF42 /* GCDWebServers.xcframework */ = {isa = PBXFileReference; lastKnownFileType = wrapper.xcframework; name = GCDWebServers.xcframework; path = "../PharmaLedger Camera/Carthage/Build/GCDWebServers.xcframework"; sourceTree = "<group>"; };
		D2DA5A142693A6E1006B8C4E /* WkCamera.app */ = {isa = PBXFileReference; explicitFileType = wrapper.application; includeInIndex = 0; path = WkCamera.app; sourceTree = BUILT_PRODUCTS_DIR; };
		D2DA5A172693A6E1006B8C4E /* AppDelegate.swift */ = {isa = PBXFileReference; lastKnownFileType = sourcecode.swift; path = AppDelegate.swift; sourceTree = "<group>"; };
		D2DA5A192693A6E1006B8C4E /* SceneDelegate.swift */ = {isa = PBXFileReference; lastKnownFileType = sourcecode.swift; path = SceneDelegate.swift; sourceTree = "<group>"; };
		D2DA5A1B2693A6E1006B8C4E /* ContentView.swift */ = {isa = PBXFileReference; lastKnownFileType = sourcecode.swift; path = ContentView.swift; sourceTree = "<group>"; };
		D2DA5A1D2693A6E2006B8C4E /* Assets.xcassets */ = {isa = PBXFileReference; lastKnownFileType = folder.assetcatalog; path = Assets.xcassets; sourceTree = "<group>"; };
		D2DA5A202693A6E2006B8C4E /* Preview Assets.xcassets */ = {isa = PBXFileReference; lastKnownFileType = folder.assetcatalog; path = "Preview Assets.xcassets"; sourceTree = "<group>"; };
		D2DA5A232693A6E2006B8C4E /* Base */ = {isa = PBXFileReference; lastKnownFileType = file.storyboard; name = Base; path = Base.lproj/LaunchScreen.storyboard; sourceTree = "<group>"; };
		D2DA5A252693A6E2006B8C4E /* Info.plist */ = {isa = PBXFileReference; lastKnownFileType = text.plist.xml; path = Info.plist; sourceTree = "<group>"; };
		D2DA5A342693A804006B8C4E /* CameraWebViewController.swift */ = {isa = PBXFileReference; fileEncoding = 4; lastKnownFileType = sourcecode.swift; path = CameraWebViewController.swift; sourceTree = "<group>"; };
		D2DA5A362693A804006B8C4E /* CameraWebView.swift */ = {isa = PBXFileReference; fileEncoding = 4; lastKnownFileType = sourcecode.swift; path = CameraWebView.swift; sourceTree = "<group>"; };
		D2DA5A452693AB3F006B8C4E /* www */ = {isa = PBXFileReference; lastKnownFileType = folder; path = www; sourceTree = "<group>"; };
/* End PBXFileReference section */

/* Begin PBXFrameworksBuildPhase section */
		D2DA5A112693A6E1006B8C4E /* Frameworks */ = {
			isa = PBXFrameworksBuildPhase;
			buildActionMask = 2147483647;
			files = (
				D26E46AD27281D020073A25F /* GCDWebServers.xcframework in Frameworks */,
				D20B6E1026959326001F6876 /* PharmaLedger_Camera.framework in Frameworks */,
			);
			runOnlyForDeploymentPostprocessing = 0;
		};
/* End PBXFrameworksBuildPhase section */

/* Begin PBXGroup section */
		D20B6E0B2695930E001F6876 /* Products */ = {
			isa = PBXGroup;
			children = (
				D20B6E0F2695930E001F6876 /* PharmaLedger_Camera.framework */,
			);
			name = Products;
			sourceTree = "<group>";
		};
		D2DA5A0B2693A6E1006B8C4E = {
			isa = PBXGroup;
			children = (
				D20B6E0A2695930E001F6876 /* PharmaLedger Camera.xcodeproj */,
				D2DA5A162693A6E1006B8C4E /* WkCamera */,
				D2DA5A152693A6E1006B8C4E /* Products */,
				D2DA5A3D2693A959006B8C4E /* Frameworks */,
			);
			sourceTree = "<group>";
		};
		D2DA5A152693A6E1006B8C4E /* Products */ = {
			isa = PBXGroup;
			children = (
				D2DA5A142693A6E1006B8C4E /* WkCamera.app */,
			);
			name = Products;
			sourceTree = "<group>";
		};
		D2DA5A162693A6E1006B8C4E /* WkCamera */ = {
			isa = PBXGroup;
			children = (
				D2DA5A452693AB3F006B8C4E /* www */,
				D2DA5A362693A804006B8C4E /* CameraWebView.swift */,
				D2DA5A342693A804006B8C4E /* CameraWebViewController.swift */,
				D2DA5A172693A6E1006B8C4E /* AppDelegate.swift */,
				D2DA5A192693A6E1006B8C4E /* SceneDelegate.swift */,
				D2DA5A1B2693A6E1006B8C4E /* ContentView.swift */,
				D2DA5A1D2693A6E2006B8C4E /* Assets.xcassets */,
				D2DA5A222693A6E2006B8C4E /* LaunchScreen.storyboard */,
				D2DA5A252693A6E2006B8C4E /* Info.plist */,
				D2DA5A1F2693A6E2006B8C4E /* Preview Content */,
			);
			path = WkCamera;
			sourceTree = "<group>";
		};
		D2DA5A1F2693A6E2006B8C4E /* Preview Content */ = {
			isa = PBXGroup;
			children = (
				D2DA5A202693A6E2006B8C4E /* Preview Assets.xcassets */,
			);
			path = "Preview Content";
			sourceTree = "<group>";
		};
		D2DA5A3D2693A959006B8C4E /* Frameworks */ = {
			isa = PBXGroup;
			children = (
				D21D97B6272706480064BF42 /* GCDWebServers.xcframework */,
			);
			name = Frameworks;
			sourceTree = "<group>";
		};
/* End PBXGroup section */

/* Begin PBXNativeTarget section */
		D2DA5A132693A6E1006B8C4E /* WkCamera */ = {
			isa = PBXNativeTarget;
			buildConfigurationList = D2DA5A282693A6E2006B8C4E /* Build configuration list for PBXNativeTarget "WkCamera" */;
			buildPhases = (
				D2DA5A102693A6E1006B8C4E /* Sources */,
				D2DA5A112693A6E1006B8C4E /* Frameworks */,
				D2DA5A122693A6E1006B8C4E /* Resources */,
				D2DA5A402693A959006B8C4E /* Embed Frameworks */,
			);
			buildRules = (
			);
			dependencies = (
			);
			name = WkCamera;
			packageProductDependencies = (
			);
			productName = WkCamera;
			productReference = D2DA5A142693A6E1006B8C4E /* WkCamera.app */;
			productType = "com.apple.product-type.application";
		};
/* End PBXNativeTarget section */

/* Begin PBXProject section */
		D2DA5A0C2693A6E1006B8C4E /* Project object */ = {
			isa = PBXProject;
			attributes = {
				LastSwiftUpdateCheck = 1250;
				LastUpgradeCheck = 1250;
				TargetAttributes = {
					D2DA5A132693A6E1006B8C4E = {
						CreatedOnToolsVersion = 12.5.1;
					};
				};
			};
			buildConfigurationList = D2DA5A0F2693A6E1006B8C4E /* Build configuration list for PBXProject "WkCamera" */;
			compatibilityVersion = "Xcode 9.3";
			developmentRegion = en;
			hasScannedForEncodings = 0;
			knownRegions = (
				en,
				Base,
			);
			mainGroup = D2DA5A0B2693A6E1006B8C4E;
			packageReferences = (
			);
			productRefGroup = D2DA5A152693A6E1006B8C4E /* Products */;
			projectDirPath = "";
			projectReferences = (
				{
					ProductGroup = D20B6E0B2695930E001F6876 /* Products */;
					ProjectRef = D20B6E0A2695930E001F6876 /* PharmaLedger Camera.xcodeproj */;
				},
			);
			projectRoot = "";
			targets = (
				D2DA5A132693A6E1006B8C4E /* WkCamera */,
			);
		};
/* End PBXProject section */

/* Begin PBXReferenceProxy section */
		D20B6E0F2695930E001F6876 /* PharmaLedger_Camera.framework */ = {
			isa = PBXReferenceProxy;
			fileType = wrapper.framework;
			path = PharmaLedger_Camera.framework;
			remoteRef = D20B6E0E2695930E001F6876 /* PBXContainerItemProxy */;
			sourceTree = BUILT_PRODUCTS_DIR;
		};
/* End PBXReferenceProxy section */

/* Begin PBXResourcesBuildPhase section */
		D2DA5A122693A6E1006B8C4E /* Resources */ = {
			isa = PBXResourcesBuildPhase;
			buildActionMask = 2147483647;
			files = (
				D2DA5A462693AB3F006B8C4E /* www in Resources */,
				D2DA5A242693A6E2006B8C4E /* LaunchScreen.storyboard in Resources */,
				D2DA5A212693A6E2006B8C4E /* Preview Assets.xcassets in Resources */,
				D2DA5A1E2693A6E2006B8C4E /* Assets.xcassets in Resources */,
			);
			runOnlyForDeploymentPostprocessing = 0;
		};
/* End PBXResourcesBuildPhase section */

/* Begin PBXSourcesBuildPhase section */
		D2DA5A102693A6E1006B8C4E /* Sources */ = {
			isa = PBXSourcesBuildPhase;
			buildActionMask = 2147483647;
			files = (
				D2DA5A392693A804006B8C4E /* CameraWebView.swift in Sources */,
				D2DA5A182693A6E1006B8C4E /* AppDelegate.swift in Sources */,
				D2DA5A1A2693A6E1006B8C4E /* SceneDelegate.swift in Sources */,
				D2DA5A382693A804006B8C4E /* CameraWebViewController.swift in Sources */,
				D2DA5A1C2693A6E1006B8C4E /* ContentView.swift in Sources */,
			);
			runOnlyForDeploymentPostprocessing = 0;
		};
/* End PBXSourcesBuildPhase section */

/* Begin PBXVariantGroup section */
		D2DA5A222693A6E2006B8C4E /* LaunchScreen.storyboard */ = {
			isa = PBXVariantGroup;
			children = (
				D2DA5A232693A6E2006B8C4E /* Base */,
			);
			name = LaunchScreen.storyboard;
			sourceTree = "<group>";
		};
/* End PBXVariantGroup section */

/* Begin XCBuildConfiguration section */
		D2DA5A262693A6E2006B8C4E /* Debug */ = {
			isa = XCBuildConfiguration;
			buildSettings = {
				ALWAYS_SEARCH_USER_PATHS = NO;
				CLANG_ANALYZER_NONNULL = YES;
				CLANG_ANALYZER_NUMBER_OBJECT_CONVERSION = YES_AGGRESSIVE;
				CLANG_CXX_LANGUAGE_STANDARD = "gnu++14";
				CLANG_CXX_LIBRARY = "libc++";
				CLANG_ENABLE_MODULES = YES;
				CLANG_ENABLE_OBJC_ARC = YES;
				CLANG_ENABLE_OBJC_WEAK = YES;
				CLANG_WARN_BLOCK_CAPTURE_AUTORELEASING = YES;
				CLANG_WARN_BOOL_CONVERSION = YES;
				CLANG_WARN_COMMA = YES;
				CLANG_WARN_CONSTANT_CONVERSION = YES;
				CLANG_WARN_DEPRECATED_OBJC_IMPLEMENTATIONS = YES;
				CLANG_WARN_DIRECT_OBJC_ISA_USAGE = YES_ERROR;
				CLANG_WARN_DOCUMENTATION_COMMENTS = YES;
				CLANG_WARN_EMPTY_BODY = YES;
				CLANG_WARN_ENUM_CONVERSION = YES;
				CLANG_WARN_INFINITE_RECURSION = YES;
				CLANG_WARN_INT_CONVERSION = YES;
				CLANG_WARN_NON_LITERAL_NULL_CONVERSION = YES;
				CLANG_WARN_OBJC_IMPLICIT_RETAIN_SELF = YES;
				CLANG_WARN_OBJC_LITERAL_CONVERSION = YES;
				CLANG_WARN_OBJC_ROOT_CLASS = YES_ERROR;
				CLANG_WARN_QUOTED_INCLUDE_IN_FRAMEWORK_HEADER = YES;
				CLANG_WARN_RANGE_LOOP_ANALYSIS = YES;
				CLANG_WARN_STRICT_PROTOTYPES = YES;
				CLANG_WARN_SUSPICIOUS_MOVE = YES;
				CLANG_WARN_UNGUARDED_AVAILABILITY = YES_AGGRESSIVE;
				CLANG_WARN_UNREACHABLE_CODE = YES;
				CLANG_WARN__DUPLICATE_METHOD_MATCH = YES;
				COPY_PHASE_STRIP = NO;
				DEBUG_INFORMATION_FORMAT = dwarf;
				ENABLE_STRICT_OBJC_MSGSEND = YES;
				ENABLE_TESTABILITY = YES;
				GCC_C_LANGUAGE_STANDARD = gnu11;
				GCC_DYNAMIC_NO_PIC = NO;
				GCC_NO_COMMON_BLOCKS = YES;
				GCC_OPTIMIZATION_LEVEL = 0;
				GCC_PREPROCESSOR_DEFINITIONS = (
					"DEBUG=1",
					"$(inherited)",
				);
				GCC_WARN_64_TO_32_BIT_CONVERSION = YES;
				GCC_WARN_ABOUT_RETURN_TYPE = YES_ERROR;
				GCC_WARN_UNDECLARED_SELECTOR = YES;
				GCC_WARN_UNINITIALIZED_AUTOS = YES_AGGRESSIVE;
				GCC_WARN_UNUSED_FUNCTION = YES;
				GCC_WARN_UNUSED_VARIABLE = YES;
				IPHONEOS_DEPLOYMENT_TARGET = 14.5;
				MTLLINKER_FLAGS = "-fcikernel";
				MTL_COMPILER_FLAGS = "-fcikernel";
				MTL_ENABLE_DEBUG_INFO = INCLUDE_SOURCE;
				MTL_FAST_MATH = YES;
				ONLY_ACTIVE_ARCH = YES;
				SDKROOT = iphoneos;
				SWIFT_ACTIVE_COMPILATION_CONDITIONS = DEBUG;
				SWIFT_OPTIMIZATION_LEVEL = "-Onone";
			};
			name = Debug;
		};
		D2DA5A272693A6E2006B8C4E /* Release */ = {
			isa = XCBuildConfiguration;
			buildSettings = {
				ALWAYS_SEARCH_USER_PATHS = NO;
				CLANG_ANALYZER_NONNULL = YES;
				CLANG_ANALYZER_NUMBER_OBJECT_CONVERSION = YES_AGGRESSIVE;
				CLANG_CXX_LANGUAGE_STANDARD = "gnu++14";
				CLANG_CXX_LIBRARY = "libc++";
				CLANG_ENABLE_MODULES = YES;
				CLANG_ENABLE_OBJC_ARC = YES;
				CLANG_ENABLE_OBJC_WEAK = YES;
				CLANG_WARN_BLOCK_CAPTURE_AUTORELEASING = YES;
				CLANG_WARN_BOOL_CONVERSION = YES;
				CLANG_WARN_COMMA = YES;
				CLANG_WARN_CONSTANT_CONVERSION = YES;
				CLANG_WARN_DEPRECATED_OBJC_IMPLEMENTATIONS = YES;
				CLANG_WARN_DIRECT_OBJC_ISA_USAGE = YES_ERROR;
				CLANG_WARN_DOCUMENTATION_COMMENTS = YES;
				CLANG_WARN_EMPTY_BODY = YES;
				CLANG_WARN_ENUM_CONVERSION = YES;
				CLANG_WARN_INFINITE_RECURSION = YES;
				CLANG_WARN_INT_CONVERSION = YES;
				CLANG_WARN_NON_LITERAL_NULL_CONVERSION = YES;
				CLANG_WARN_OBJC_IMPLICIT_RETAIN_SELF = YES;
				CLANG_WARN_OBJC_LITERAL_CONVERSION = YES;
				CLANG_WARN_OBJC_ROOT_CLASS = YES_ERROR;
				CLANG_WARN_QUOTED_INCLUDE_IN_FRAMEWORK_HEADER = YES;
				CLANG_WARN_RANGE_LOOP_ANALYSIS = YES;
				CLANG_WARN_STRICT_PROTOTYPES = YES;
				CLANG_WARN_SUSPICIOUS_MOVE = YES;
				CLANG_WARN_UNGUARDED_AVAILABILITY = YES_AGGRESSIVE;
				CLANG_WARN_UNREACHABLE_CODE = YES;
				CLANG_WARN__DUPLICATE_METHOD_MATCH = YES;
				COPY_PHASE_STRIP = NO;
				DEBUG_INFORMATION_FORMAT = "dwarf-with-dsym";
				ENABLE_NS_ASSERTIONS = NO;
				ENABLE_STRICT_OBJC_MSGSEND = YES;
				GCC_C_LANGUAGE_STANDARD = gnu11;
				GCC_NO_COMMON_BLOCKS = YES;
				GCC_WARN_64_TO_32_BIT_CONVERSION = YES;
				GCC_WARN_ABOUT_RETURN_TYPE = YES_ERROR;
				GCC_WARN_UNDECLARED_SELECTOR = YES;
				GCC_WARN_UNINITIALIZED_AUTOS = YES_AGGRESSIVE;
				GCC_WARN_UNUSED_FUNCTION = YES;
				GCC_WARN_UNUSED_VARIABLE = YES;
				IPHONEOS_DEPLOYMENT_TARGET = 14.5;
				MTLLINKER_FLAGS = "-fcikernel";
				MTL_COMPILER_FLAGS = "-fcikernel";
				MTL_ENABLE_DEBUG_INFO = NO;
				MTL_FAST_MATH = YES;
				SDKROOT = iphoneos;
				SWIFT_COMPILATION_MODE = wholemodule;
				SWIFT_OPTIMIZATION_LEVEL = "-O";
				VALIDATE_PRODUCT = YES;
			};
			name = Release;
		};
		D2DA5A292693A6E2006B8C4E /* Debug */ = {
			isa = XCBuildConfiguration;
			buildSettings = {
				ASSETCATALOG_COMPILER_APPICON_NAME = AppIcon;
				ASSETCATALOG_COMPILER_GLOBAL_ACCENT_COLOR_NAME = AccentColor;
				CODE_SIGN_STYLE = Automatic;
				DEVELOPMENT_ASSET_PATHS = "\"WkCamera/Preview Content\"";
				DEVELOPMENT_TEAM = BN448RPDQT;
				ENABLE_PREVIEWS = YES;
				INFOPLIST_FILE = WkCamera/Info.plist;
				IPHONEOS_DEPLOYMENT_TARGET = 13.0;
				LD_RUNPATH_SEARCH_PATHS = (
					"$(inherited)",
					"@executable_path/Frameworks",
				);
				PRODUCT_BUNDLE_IDENTIFIER = any.test.WkCamera;
				PRODUCT_NAME = "$(TARGET_NAME)";
				SWIFT_VERSION = 5.0;
				TARGETED_DEVICE_FAMILY = "1,2";
			};
			name = Debug;
		};
		D2DA5A2A2693A6E2006B8C4E /* Release */ = {
			isa = XCBuildConfiguration;
			buildSettings = {
				ASSETCATALOG_COMPILER_APPICON_NAME = AppIcon;
				ASSETCATALOG_COMPILER_GLOBAL_ACCENT_COLOR_NAME = AccentColor;
				CODE_SIGN_STYLE = Automatic;
				DEVELOPMENT_ASSET_PATHS = "\"WkCamera/Preview Content\"";
				DEVELOPMENT_TEAM = BN448RPDQT;
				ENABLE_PREVIEWS = YES;
				INFOPLIST_FILE = WkCamera/Info.plist;
				IPHONEOS_DEPLOYMENT_TARGET = 13.0;
				LD_RUNPATH_SEARCH_PATHS = (
					"$(inherited)",
					"@executable_path/Frameworks",
				);
				PRODUCT_BUNDLE_IDENTIFIER = any.test.WkCamera;
				PRODUCT_NAME = "$(TARGET_NAME)";
				SWIFT_VERSION = 5.0;
				TARGETED_DEVICE_FAMILY = "1,2";
			};
			name = Release;
		};
/* End XCBuildConfiguration section */

/* Begin XCConfigurationList section */
		D2DA5A0F2693A6E1006B8C4E /* Build configuration list for PBXProject "WkCamera" */ = {
			isa = XCConfigurationList;
			buildConfigurations = (
				D2DA5A262693A6E2006B8C4E /* Debug */,
				D2DA5A272693A6E2006B8C4E /* Release */,
			);
			defaultConfigurationIsVisible = 0;
			defaultConfigurationName = Release;
		};
		D2DA5A282693A6E2006B8C4E /* Build configuration list for PBXNativeTarget "WkCamera" */ = {
			isa = XCConfigurationList;
			buildConfigurations = (
				D2DA5A292693A6E2006B8C4E /* Debug */,
				D2DA5A2A2693A6E2006B8C4E /* Release */,
			);
			defaultConfigurationIsVisible = 0;
			defaultConfigurationName = Release;
		};
/* End XCConfigurationList section */
	};
	rootObject = D2DA5A0C2693A6E1006B8C4E /* Project object */;
}
